// !$*UTF8*$!
{
	archiveVersion = 1;
	classes = {
	};
	objectVersion = 50;
	objects = {

/* Begin PBXBuildFile section */
		186933CF2448D8E1002615DB /* AppDelegate.swift in Sources */ = {isa = PBXBuildFile; fileRef = 186933CE2448D8E1002615DB /* AppDelegate.swift */; };
		186933D12448D8E1002615DB /* SceneDelegate.swift in Sources */ = {isa = PBXBuildFile; fileRef = 186933D02448D8E1002615DB /* SceneDelegate.swift */; };
		186933D32448D8E1002615DB /* ViewController.swift in Sources */ = {isa = PBXBuildFile; fileRef = 186933D22448D8E1002615DB /* ViewController.swift */; };
		186933D62448D8E1002615DB /* Main.storyboard in Resources */ = {isa = PBXBuildFile; fileRef = 186933D42448D8E1002615DB /* Main.storyboard */; };
		186933D82448D8E3002615DB /* Assets.xcassets in Resources */ = {isa = PBXBuildFile; fileRef = 186933D72448D8E3002615DB /* Assets.xcassets */; };
		186933DB2448D8E3002615DB /* LaunchScreen.storyboard in Resources */ = {isa = PBXBuildFile; fileRef = 186933D92448D8E3002615DB /* LaunchScreen.storyboard */; };
		186933E32448D90E002615DB /* CustomControl.swift in Sources */ = {isa = PBXBuildFile; fileRef = 186933E22448D90E002615DB /* CustomControl.swift */; };
/* End PBXBuildFile section */

/* Begin PBXFileReference section */
		186933CB2448D8E1002615DB /* UIControl  - Star Rating.app */ = {isa = PBXFileReference; explicitFileType = wrapper.application; includeInIndex = 0; path = "UIControl  - Star Rating.app"; sourceTree = BUILT_PRODUCTS_DIR; };
		186933CE2448D8E1002615DB /* AppDelegate.swift */ = {isa = PBXFileReference; lastKnownFileType = sourcecode.swift; path = AppDelegate.swift; sourceTree = "<group>"; };
		186933D02448D8E1002615DB /* SceneDelegate.swift */ = {isa = PBXFileReference; lastKnownFileType = sourcecode.swift; path = SceneDelegate.swift; sourceTree = "<group>"; };
		186933D22448D8E1002615DB /* ViewController.swift */ = {isa = PBXFileReference; lastKnownFileType = sourcecode.swift; path = ViewController.swift; sourceTree = "<group>"; };
		186933D52448D8E1002615DB /* Base */ = {isa = PBXFileReference; lastKnownFileType = file.storyboard; name = Base; path = Base.lproj/Main.storyboard; sourceTree = "<group>"; };
		186933D72448D8E3002615DB /* Assets.xcassets */ = {isa = PBXFileReference; lastKnownFileType = folder.assetcatalog; path = Assets.xcassets; sourceTree = "<group>"; };
		186933DA2448D8E3002615DB /* Base */ = {isa = PBXFileReference; lastKnownFileType = file.storyboard; name = Base; path = Base.lproj/LaunchScreen.storyboard; sourceTree = "<group>"; };
		186933DC2448D8E3002615DB /* Info.plist */ = {isa = PBXFileReference; lastKnownFileType = text.plist.xml; path = Info.plist; sourceTree = "<group>"; };
		186933E22448D90E002615DB /* CustomControl.swift */ = {isa = PBXFileReference; lastKnownFileType = sourcecode.swift; path = CustomControl.swift; sourceTree = "<group>"; };
/* End PBXFileReference section */

/* Begin PBXFrameworksBuildPhase section */
		186933C82448D8E1002615DB /* Frameworks */ = {
			isa = PBXFrameworksBuildPhase;
			buildActionMask = 2147483647;
			files = (
			);
			runOnlyForDeploymentPostprocessing = 0;
		};
/* End PBXFrameworksBuildPhase section */

/* Begin PBXGroup section */
		186933C22448D8E1002615DB = {
			isa = PBXGroup;
			children = (
				186933CD2448D8E1002615DB /* UIControl  - Star Rating */,
				186933CC2448D8E1002615DB /* Products */,
			);
			sourceTree = "<group>";
		};
		186933CC2448D8E1002615DB /* Products */ = {
			isa = PBXGroup;
			children = (
				186933CB2448D8E1002615DB /* UIControl  - Star Rating.app */,
			);
			name = Products;
			sourceTree = "<group>";
		};
		186933CD2448D8E1002615DB /* UIControl  - Star Rating */ = {
			isa = PBXGroup;
			children = (
				186933CE2448D8E1002615DB /* AppDelegate.swift */,
				186933D02448D8E1002615DB /* SceneDelegate.swift */,
				186933D22448D8E1002615DB /* ViewController.swift */,
				186933D42448D8E1002615DB /* Main.storyboard */,
				186933E22448D90E002615DB /* CustomControl.swift */,
				186933D72448D8E3002615DB /* Assets.xcassets */,
				186933D92448D8E3002615DB /* LaunchScreen.storyboard */,
				186933DC2448D8E3002615DB /* Info.plist */,
			);
			path = "UIControl  - Star Rating";
			sourceTree = "<group>";
		};
/* End PBXGroup section */

/* Begin PBXNativeTarget section */
		186933CA2448D8E1002615DB /* UIControl  - Star Rating */ = {
			isa = PBXNativeTarget;
			buildConfigurationList = 186933DF2448D8E3002615DB /* Build configuration list for PBXNativeTarget "UIControl  - Star Rating" */;
			buildPhases = (
				186933C72448D8E1002615DB /* Sources */,
				186933C82448D8E1002615DB /* Frameworks */,
				186933C92448D8E1002615DB /* Resources */,
			);
			buildRules = (
			);
			dependencies = (
			);
			name = "UIControl  - Star Rating";
			productName = "UIControl  - Star Rating";
			productReference = 186933CB2448D8E1002615DB /* UIControl  - Star Rating.app */;
			productType = "com.apple.product-type.application";
		};
/* End PBXNativeTarget section */

/* Begin PBXProject section */
		186933C32448D8E1002615DB /* Project object */ = {
			isa = PBXProject;
			attributes = {
				LastSwiftUpdateCheck = 1140;
				LastUpgradeCheck = 1140;
				ORGANIZATIONNAME = "Mark Poggi";
				TargetAttributes = {
					186933CA2448D8E1002615DB = {
						CreatedOnToolsVersion = 11.4;
					};
				};
			};
			buildConfigurationList = 186933C62448D8E1002615DB /* Build configuration list for PBXProject "UIControl  - Star Rating" */;
			compatibilityVersion = "Xcode 9.3";
			developmentRegion = en;
			hasScannedForEncodings = 0;
			knownRegions = (
				en,
				Base,
			);
			mainGroup = 186933C22448D8E1002615DB;
			productRefGroup = 186933CC2448D8E1002615DB /* Products */;
			projectDirPath = "";
			projectRoot = "";
			targets = (
				186933CA2448D8E1002615DB /* UIControl  - Star Rating */,
			);
		};
/* End PBXProject section */

/* Begin PBXResourcesBuildPhase section */
		186933C92448D8E1002615DB /* Resources */ = {
			isa = PBXResourcesBuildPhase;
			buildActionMask = 2147483647;
			files = (
				186933DB2448D8E3002615DB /* LaunchScreen.storyboard in Resources */,
				186933D82448D8E3002615DB /* Assets.xcassets in Resources */,
				186933D62448D8E1002615DB /* Main.storyboard in Resources */,
			);
			runOnlyForDeploymentPostprocessing = 0;
		};
/* End PBXResourcesBuildPhase section */

/* Begin PBXSourcesBuildPhase section */
		186933C72448D8E1002615DB /* Sources */ = {
			isa = PBXSourcesBuildPhase;
			buildActionMask = 2147483647;
			files = (
				186933D32448D8E1002615DB /* ViewController.swift in Sources */,
				186933CF2448D8E1002615DB /* AppDelegate.swift in Sources */,
				186933E32448D90E002615DB /* CustomControl.swift in Sources */,
				186933D12448D8E1002615DB /* SceneDelegate.swift in Sources */,
			);
			runOnlyForDeploymentPostprocessing = 0;
		};
/* End PBXSourcesBuildPhase section */

/* Begin PBXVariantGroup section */
		186933D42448D8E1002615DB /* Main.storyboard */ = {
			isa = PBXVariantGroup;
			children = (
				186933D52448D8E1002615DB /* Base */,
			);
			name = Main.storyboard;
			sourceTree = "<group>";
		};
		186933D92448D8E3002615DB /* LaunchScreen.storyboard */ = {
			isa = PBXVariantGroup;
			children = (
				186933DA2448D8E3002615DB /* Base */,
			);
			name = LaunchScreen.storyboard;
			sourceTree = "<group>";
		};
/* End PBXVariantGroup section */

/* Begin XCBuildConfiguration section */
		186933DD2448D8E3002615DB /* Debug */ = {
			isa = XCBuildConfiguration;
			buildSettings = {
				ALWAYS_SEARCH_USER_PATHS = NO;
				CLANG_ANALYZER_NONNULL = YES;
				CLANG_ANALYZER_NUMBER_OBJECT_CONVERSION = YES_AGGRESSIVE;
				CLANG_CXX_LANGUAGE_STANDARD = "gnu++14";
				CLANG_CXX_LIBRARY = "libc++";
				CLANG_ENABLE_MODULES = YES;
				CLANG_ENABLE_OBJC_ARC = YES;
				CLANG_ENABLE_OBJC_WEAK = YES;
				CLANG_WARN_BLOCK_CAPTURE_AUTORELEASING = YES;
				CLANG_WARN_BOOL_CONVERSION = YES;
				CLANG_WARN_COMMA = YES;
				CLANG_WARN_CONSTANT_CONVERSION = YES;
				CLANG_WARN_DEPRECATED_OBJC_IMPLEMENTATIONS = YES;
				CLANG_WARN_DIRECT_OBJC_ISA_USAGE = YES_ERROR;
				CLANG_WARN_DOCUMENTATION_COMMENTS = YES;
				CLANG_WARN_EMPTY_BODY = YES;
				CLANG_WARN_ENUM_CONVERSION = YES;
				CLANG_WARN_INFINITE_RECURSION = YES;
				CLANG_WARN_INT_CONVERSION = YES;
				CLANG_WARN_NON_LITERAL_NULL_CONVERSION = YES;
				CLANG_WARN_OBJC_IMPLICIT_RETAIN_SELF = YES;
				CLANG_WARN_OBJC_LITERAL_CONVERSION = YES;
				CLANG_WARN_OBJC_ROOT_CLASS = YES_ERROR;
				CLANG_WARN_RANGE_LOOP_ANALYSIS = YES;
				CLANG_WARN_STRICT_PROTOTYPES = YES;
				CLANG_WARN_SUSPICIOUS_MOVE = YES;
				CLANG_WARN_UNGUARDED_AVAILABILITY = YES_AGGRESSIVE;
				CLANG_WARN_UNREACHABLE_CODE = YES;
				CLANG_WARN__DUPLICATE_METHOD_MATCH = YES;
				COPY_PHASE_STRIP = NO;
				DEBUG_INFORMATION_FORMAT = dwarf;
				ENABLE_STRICT_OBJC_MSGSEND = YES;
				ENABLE_TESTABILITY = YES;
				GCC_C_LANGUAGE_STANDARD = gnu11;
				GCC_DYNAMIC_NO_PIC = NO;
				GCC_NO_COMMON_BLOCKS = YES;
				GCC_OPTIMIZATION_LEVEL = 0;
				GCC_PREPROCESSOR_DEFINITIONS = (
					"DEBUG=1",
					"$(inherited)",
				);
				GCC_WARN_64_TO_32_BIT_CONVERSION = YES;
				GCC_WARN_ABOUT_RETURN_TYPE = YES_ERROR;
				GCC_WARN_UNDECLARED_SELECTOR = YES;
				GCC_WARN_UNINITIALIZED_AUTOS = YES_AGGRESSIVE;
				GCC_WARN_UNUSED_FUNCTION = YES;
				GCC_WARN_UNUSED_VARIABLE = YES;
				IPHONEOS_DEPLOYMENT_TARGET = 13.4;
				MTL_ENABLE_DEBUG_INFO = INCLUDE_SOURCE;
				MTL_FAST_MATH = YES;
				ONLY_ACTIVE_ARCH = YES;
				SDKROOT = iphoneos;
				SWIFT_ACTIVE_COMPILATION_CONDITIONS = DEBUG;
				SWIFT_OPTIMIZATION_LEVEL = "-Onone";
			};
			name = Debug;
		};
		186933DE2448D8E3002615DB /* Release */ = {
			isa = XCBuildConfiguration;
			buildSettings = {
				ALWAYS_SEARCH_USER_PATHS = NO;
				CLANG_ANALYZER_NONNULL = YES;
				CLANG_ANALYZER_NUMBER_OBJECT_CONVERSION = YES_AGGRESSIVE;
				CLANG_CXX_LANGUAGE_STANDARD = "gnu++14";
				CLANG_CXX_LIBRARY = "libc++";
				CLANG_ENABLE_MODULES = YES;
				CLANG_ENABLE_OBJC_ARC = YES;
				CLANG_ENABLE_OBJC_WEAK = YES;
				CLANG_WARN_BLOCK_CAPTURE_AUTORELEASING = YES;
				CLANG_WARN_BOOL_CONVERSION = YES;
				CLANG_WARN_COMMA = YES;
				CLANG_WARN_CONSTANT_CONVERSION = YES;
				CLANG_WARN_DEPRECATED_OBJC_IMPLEMENTATIONS = YES;
				CLANG_WARN_DIRECT_OBJC_ISA_USAGE = YES_ERROR;
				CLANG_WARN_DOCUMENTATION_COMMENTS = YES;
				CLANG_WARN_EMPTY_BODY = YES;
				CLANG_WARN_ENUM_CONVERSION = YES;
				CLANG_WARN_INFINITE_RECURSION = YES;
				CLANG_WARN_INT_CONVERSION = YES;
				CLANG_WARN_NON_LITERAL_NULL_CONVERSION = YES;
				CLANG_WARN_OBJC_IMPLICIT_RETAIN_SELF = YES;
				CLANG_WARN_OBJC_LITERAL_CONVERSION = YES;
				CLANG_WARN_OBJC_ROOT_CLASS = YES_ERROR;
				CLANG_WARN_RANGE_LOOP_ANALYSIS = YES;
				CLANG_WARN_STRICT_PROTOTYPES = YES;
				CLANG_WARN_SUSPICIOUS_MOVE = YES;
				CLANG_WARN_UNGUARDED_AVAILABILITY = YES_AGGRESSIVE;
				CLANG_WARN_UNREACHABLE_CODE = YES;
				CLANG_WARN__DUPLICATE_METHOD_MATCH = YES;
				COPY_PHASE_STRIP = NO;
				DEBUG_INFORMATION_FORMAT = "dwarf-with-dsym";
				ENABLE_NS_ASSERTIONS = NO;
				ENABLE_STRICT_OBJC_MSGSEND = YES;
				GCC_C_LANGUAGE_STANDARD = gnu11;
				GCC_NO_COMMON_BLOCKS = YES;
				GCC_WARN_64_TO_32_BIT_CONVERSION = YES;
				GCC_WARN_ABOUT_RETURN_TYPE = YES_ERROR;
				GCC_WARN_UNDECLARED_SELECTOR = YES;
				GCC_WARN_UNINITIALIZED_AUTOS = YES_AGGRESSIVE;
				GCC_WARN_UNUSED_FUNCTION = YES;
				GCC_WARN_UNUSED_VARIABLE = YES;
				IPHONEOS_DEPLOYMENT_TARGET = 13.4;
				MTL_ENABLE_DEBUG_INFO = NO;
				MTL_FAST_MATH = YES;
				SDKROOT = iphoneos;
				SWIFT_COMPILATION_MODE = wholemodule;
				SWIFT_OPTIMIZATION_LEVEL = "-O";
				VALIDATE_PRODUCT = YES;
			};
			name = Release;
		};
		186933E02448D8E3002615DB /* Debug */ = {
			isa = XCBuildConfiguration;
			buildSettings = {
				ASSETCATALOG_COMPILER_APPICON_NAME = AppIcon;
				CODE_SIGN_STYLE = Automatic;
				INFOPLIST_FILE = "UIControl  - Star Rating/Info.plist";
				LD_RUNPATH_SEARCH_PATHS = (
					"$(inherited)",
					"@executable_path/Frameworks",
				);
				PRODUCT_BUNDLE_IDENTIFIER = "com.markpoggi.UIControl----Star-Rating";
				PRODUCT_NAME = "$(TARGET_NAME)";
				SWIFT_VERSION = 5.0;
				TARGETED_DEVICE_FAMILY = "1,2";
			};
			name = Debug;
		};
		186933E12448D8E3002615DB /* Release */ = {
			isa = XCBuildConfiguration;
			buildSettings = {
				ASSETCATALOG_COMPILER_APPICON_NAME = AppIcon;
				CODE_SIGN_STYLE = Automatic;
				INFOPLIST_FILE = "UIControl  - Star Rating/Info.plist";
				LD_RUNPATH_SEARCH_PATHS = (
					"$(inherited)",
					"@executable_path/Frameworks",
				);
				PRODUCT_BUNDLE_IDENTIFIER = "com.markpoggi.UIControl----Star-Rating";
				PRODUCT_NAME = "$(TARGET_NAME)";
				SWIFT_VERSION = 5.0;
				TARGETED_DEVICE_FAMILY = "1,2";
			};
			name = Release;
		};
/* End XCBuildConfiguration section */

/* Begin XCConfigurationList section */
		186933C62448D8E1002615DB /* Build configuration list for PBXProject "UIControl  - Star Rating" */ = {
			isa = XCConfigurationList;
			buildConfigurations = (
				186933DD2448D8E3002615DB /* Debug */,
				186933DE2448D8E3002615DB /* Release */,
			);
			defaultConfigurationIsVisible = 0;
			defaultConfigurationName = Release;
		};
		186933DF2448D8E3002615DB /* Build configuration list for PBXNativeTarget "UIControl  - Star Rating" */ = {
			isa = XCConfigurationList;
			buildConfigurations = (
				186933E02448D8E3002615DB /* Debug */,
				186933E12448D8E3002615DB /* Release */,
			);
			defaultConfigurationIsVisible = 0;
			defaultConfigurationName = Release;
		};
/* End XCConfigurationList section */
	};
	rootObject = 186933C32448D8E1002615DB /* Project object */;
}
