// !$*UTF8*$!
{
	archiveVersion = 1;
	classes = {
	};
	objectVersion = 50;
	objects = {

/* Begin PBXBuildFile section */
		952E71902374B77B00E01C9B /* AppDelegate.swift in Sources */ = {isa = PBXBuildFile; fileRef = 952E718F2374B77B00E01C9B /* AppDelegate.swift */; };
		952E71922374B77B00E01C9B /* SceneDelegate.swift in Sources */ = {isa = PBXBuildFile; fileRef = 952E71912374B77B00E01C9B /* SceneDelegate.swift */; };
		952E71942374B77B00E01C9B /* ViewController.swift in Sources */ = {isa = PBXBuildFile; fileRef = 952E71932374B77B00E01C9B /* ViewController.swift */; };
		952E71972374B77B00E01C9B /* Main.storyboard in Resources */ = {isa = PBXBuildFile; fileRef = 952E71952374B77B00E01C9B /* Main.storyboard */; };
		952E71992374B77C00E01C9B /* Assets.xcassets in Resources */ = {isa = PBXBuildFile; fileRef = 952E71982374B77C00E01C9B /* Assets.xcassets */; };
		952E719C2374B77C00E01C9B /* LaunchScreen.storyboard in Resources */ = {isa = PBXBuildFile; fileRef = 952E719A2374B77C00E01C9B /* LaunchScreen.storyboard */; };
		952E71A72374B77C00E01C9B /* Custom_ControlsTests.swift in Sources */ = {isa = PBXBuildFile; fileRef = 952E71A62374B77C00E01C9B /* Custom_ControlsTests.swift */; };
		952E71B22374B77D00E01C9B /* Custom_ControlsUITests.swift in Sources */ = {isa = PBXBuildFile; fileRef = 952E71B12374B77D00E01C9B /* Custom_ControlsUITests.swift */; };
		952E71C02374B95500E01C9B /* CustomControl.swift in Sources */ = {isa = PBXBuildFile; fileRef = 952E71BF2374B95500E01C9B /* CustomControl.swift */; };
/* End PBXBuildFile section */

/* Begin PBXContainerItemProxy section */
		952E71A32374B77C00E01C9B /* PBXContainerItemProxy */ = {
			isa = PBXContainerItemProxy;
			containerPortal = 952E71842374B77B00E01C9B /* Project object */;
			proxyType = 1;
			remoteGlobalIDString = 952E718B2374B77B00E01C9B;
			remoteInfo = "Custom Controls";
		};
		952E71AE2374B77D00E01C9B /* PBXContainerItemProxy */ = {
			isa = PBXContainerItemProxy;
			containerPortal = 952E71842374B77B00E01C9B /* Project object */;
			proxyType = 1;
			remoteGlobalIDString = 952E718B2374B77B00E01C9B;
			remoteInfo = "Custom Controls";
		};
/* End PBXContainerItemProxy section */

/* Begin PBXFileReference section */
		952E718C2374B77B00E01C9B /* Custom Controls.app */ = {isa = PBXFileReference; explicitFileType = wrapper.application; includeInIndex = 0; path = "Custom Controls.app"; sourceTree = BUILT_PRODUCTS_DIR; };
		952E718F2374B77B00E01C9B /* AppDelegate.swift */ = {isa = PBXFileReference; lastKnownFileType = sourcecode.swift; path = AppDelegate.swift; sourceTree = "<group>"; };
		952E71912374B77B00E01C9B /* SceneDelegate.swift */ = {isa = PBXFileReference; lastKnownFileType = sourcecode.swift; path = SceneDelegate.swift; sourceTree = "<group>"; };
		952E71932374B77B00E01C9B /* ViewController.swift */ = {isa = PBXFileReference; lastKnownFileType = sourcecode.swift; path = ViewController.swift; sourceTree = "<group>"; };
		952E71962374B77B00E01C9B /* Base */ = {isa = PBXFileReference; lastKnownFileType = file.storyboard; name = Base; path = Base.lproj/Main.storyboard; sourceTree = "<group>"; };
		952E71982374B77C00E01C9B /* Assets.xcassets */ = {isa = PBXFileReference; lastKnownFileType = folder.assetcatalog; path = Assets.xcassets; sourceTree = "<group>"; };
		952E719B2374B77C00E01C9B /* Base */ = {isa = PBXFileReference; lastKnownFileType = file.storyboard; name = Base; path = Base.lproj/LaunchScreen.storyboard; sourceTree = "<group>"; };
		952E719D2374B77C00E01C9B /* Info.plist */ = {isa = PBXFileReference; lastKnownFileType = text.plist.xml; path = Info.plist; sourceTree = "<group>"; };
		952E71A22374B77C00E01C9B /* Custom ControlsTests.xctest */ = {isa = PBXFileReference; explicitFileType = wrapper.cfbundle; includeInIndex = 0; path = "Custom ControlsTests.xctest"; sourceTree = BUILT_PRODUCTS_DIR; };
		952E71A62374B77C00E01C9B /* Custom_ControlsTests.swift */ = {isa = PBXFileReference; lastKnownFileType = sourcecode.swift; path = Custom_ControlsTests.swift; sourceTree = "<group>"; };
		952E71A82374B77C00E01C9B /* Info.plist */ = {isa = PBXFileReference; lastKnownFileType = text.plist.xml; path = Info.plist; sourceTree = "<group>"; };
		952E71AD2374B77D00E01C9B /* Custom ControlsUITests.xctest */ = {isa = PBXFileReference; explicitFileType = wrapper.cfbundle; includeInIndex = 0; path = "Custom ControlsUITests.xctest"; sourceTree = BUILT_PRODUCTS_DIR; };
		952E71B12374B77D00E01C9B /* Custom_ControlsUITests.swift */ = {isa = PBXFileReference; lastKnownFileType = sourcecode.swift; path = Custom_ControlsUITests.swift; sourceTree = "<group>"; };
		952E71B32374B77D00E01C9B /* Info.plist */ = {isa = PBXFileReference; lastKnownFileType = text.plist.xml; path = Info.plist; sourceTree = "<group>"; };
		952E71BF2374B95500E01C9B /* CustomControl.swift */ = {isa = PBXFileReference; lastKnownFileType = sourcecode.swift; path = CustomControl.swift; sourceTree = "<group>"; };
/* End PBXFileReference section */

/* Begin PBXFrameworksBuildPhase section */
		952E71892374B77B00E01C9B /* Frameworks */ = {
			isa = PBXFrameworksBuildPhase;
			buildActionMask = 2147483647;
			files = (
			);
			runOnlyForDeploymentPostprocessing = 0;
		};
		952E719F2374B77C00E01C9B /* Frameworks */ = {
			isa = PBXFrameworksBuildPhase;
			buildActionMask = 2147483647;
			files = (
			);
			runOnlyForDeploymentPostprocessing = 0;
		};
		952E71AA2374B77D00E01C9B /* Frameworks */ = {
			isa = PBXFrameworksBuildPhase;
			buildActionMask = 2147483647;
			files = (
			);
			runOnlyForDeploymentPostprocessing = 0;
		};
/* End PBXFrameworksBuildPhase section */

/* Begin PBXGroup section */
		952E71832374B77B00E01C9B = {
			isa = PBXGroup;
			children = (
				952E718E2374B77B00E01C9B /* Custom Controls */,
				952E71A52374B77C00E01C9B /* Custom ControlsTests */,
				952E71B02374B77D00E01C9B /* Custom ControlsUITests */,
				952E718D2374B77B00E01C9B /* Products */,
			);
			sourceTree = "<group>";
		};
		952E718D2374B77B00E01C9B /* Products */ = {
			isa = PBXGroup;
			children = (
				952E718C2374B77B00E01C9B /* Custom Controls.app */,
				952E71A22374B77C00E01C9B /* Custom ControlsTests.xctest */,
				952E71AD2374B77D00E01C9B /* Custom ControlsUITests.xctest */,
			);
			name = Products;
			sourceTree = "<group>";
		};
		952E718E2374B77B00E01C9B /* Custom Controls */ = {
			isa = PBXGroup;
			children = (
				952E718F2374B77B00E01C9B /* AppDelegate.swift */,
				952E71912374B77B00E01C9B /* SceneDelegate.swift */,
				952E71BF2374B95500E01C9B /* CustomControl.swift */,
				952E71932374B77B00E01C9B /* ViewController.swift */,
				952E71952374B77B00E01C9B /* Main.storyboard */,
				952E71982374B77C00E01C9B /* Assets.xcassets */,
				952E719A2374B77C00E01C9B /* LaunchScreen.storyboard */,
				952E719D2374B77C00E01C9B /* Info.plist */,
			);
			path = "Custom Controls";
			sourceTree = "<group>";
		};
		952E71A52374B77C00E01C9B /* Custom ControlsTests */ = {
			isa = PBXGroup;
			children = (
				952E71A62374B77C00E01C9B /* Custom_ControlsTests.swift */,
				952E71A82374B77C00E01C9B /* Info.plist */,
			);
			path = "Custom ControlsTests";
			sourceTree = "<group>";
		};
		952E71B02374B77D00E01C9B /* Custom ControlsUITests */ = {
			isa = PBXGroup;
			children = (
				952E71B12374B77D00E01C9B /* Custom_ControlsUITests.swift */,
				952E71B32374B77D00E01C9B /* Info.plist */,
			);
			path = "Custom ControlsUITests";
			sourceTree = "<group>";
		};
/* End PBXGroup section */

/* Begin PBXNativeTarget section */
		952E718B2374B77B00E01C9B /* Custom Controls */ = {
			isa = PBXNativeTarget;
			buildConfigurationList = 952E71B62374B77D00E01C9B /* Build configuration list for PBXNativeTarget "Custom Controls" */;
			buildPhases = (
				952E71882374B77B00E01C9B /* Sources */,
				952E71892374B77B00E01C9B /* Frameworks */,
				952E718A2374B77B00E01C9B /* Resources */,
			);
			buildRules = (
			);
			dependencies = (
			);
			name = "Custom Controls";
			productName = "Custom Controls";
			productReference = 952E718C2374B77B00E01C9B /* Custom Controls.app */;
			productType = "com.apple.product-type.application";
		};
		952E71A12374B77C00E01C9B /* Custom ControlsTests */ = {
			isa = PBXNativeTarget;
			buildConfigurationList = 952E71B92374B77D00E01C9B /* Build configuration list for PBXNativeTarget "Custom ControlsTests" */;
			buildPhases = (
				952E719E2374B77C00E01C9B /* Sources */,
				952E719F2374B77C00E01C9B /* Frameworks */,
				952E71A02374B77C00E01C9B /* Resources */,
			);
			buildRules = (
			);
			dependencies = (
				952E71A42374B77C00E01C9B /* PBXTargetDependency */,
			);
			name = "Custom ControlsTests";
			productName = "Custom ControlsTests";
			productReference = 952E71A22374B77C00E01C9B /* Custom ControlsTests.xctest */;
			productType = "com.apple.product-type.bundle.unit-test";
		};
		952E71AC2374B77D00E01C9B /* Custom ControlsUITests */ = {
			isa = PBXNativeTarget;
			buildConfigurationList = 952E71BC2374B77D00E01C9B /* Build configuration list for PBXNativeTarget "Custom ControlsUITests" */;
			buildPhases = (
				952E71A92374B77D00E01C9B /* Sources */,
				952E71AA2374B77D00E01C9B /* Frameworks */,
				952E71AB2374B77D00E01C9B /* Resources */,
			);
			buildRules = (
			);
			dependencies = (
				952E71AF2374B77D00E01C9B /* PBXTargetDependency */,
			);
			name = "Custom ControlsUITests";
			productName = "Custom ControlsUITests";
			productReference = 952E71AD2374B77D00E01C9B /* Custom ControlsUITests.xctest */;
			productType = "com.apple.product-type.bundle.ui-testing";
		};
/* End PBXNativeTarget section */

/* Begin PBXProject section */
		952E71842374B77B00E01C9B /* Project object */ = {
			isa = PBXProject;
			attributes = {
				LastSwiftUpdateCheck = 1110;
				LastUpgradeCheck = 1110;
				ORGANIZATIONNAME = "Lambda School";
				TargetAttributes = {
					952E718B2374B77B00E01C9B = {
						CreatedOnToolsVersion = 11.1;
					};
					952E71A12374B77C00E01C9B = {
						CreatedOnToolsVersion = 11.1;
						TestTargetID = 952E718B2374B77B00E01C9B;
					};
					952E71AC2374B77D00E01C9B = {
						CreatedOnToolsVersion = 11.1;
						TestTargetID = 952E718B2374B77B00E01C9B;
					};
				};
			};
			buildConfigurationList = 952E71872374B77B00E01C9B /* Build configuration list for PBXProject "Custom Controls" */;
			compatibilityVersion = "Xcode 9.3";
			developmentRegion = en;
			hasScannedForEncodings = 0;
			knownRegions = (
				en,
				Base,
			);
			mainGroup = 952E71832374B77B00E01C9B;
			productRefGroup = 952E718D2374B77B00E01C9B /* Products */;
			projectDirPath = "";
			projectRoot = "";
			targets = (
				952E718B2374B77B00E01C9B /* Custom Controls */,
				952E71A12374B77C00E01C9B /* Custom ControlsTests */,
				952E71AC2374B77D00E01C9B /* Custom ControlsUITests */,
			);
		};
/* End PBXProject section */

/* Begin PBXResourcesBuildPhase section */
		952E718A2374B77B00E01C9B /* Resources */ = {
			isa = PBXResourcesBuildPhase;
			buildActionMask = 2147483647;
			files = (
				952E719C2374B77C00E01C9B /* LaunchScreen.storyboard in Resources */,
				952E71992374B77C00E01C9B /* Assets.xcassets in Resources */,
				952E71972374B77B00E01C9B /* Main.storyboard in Resources */,
			);
			runOnlyForDeploymentPostprocessing = 0;
		};
		952E71A02374B77C00E01C9B /* Resources */ = {
			isa = PBXResourcesBuildPhase;
			buildActionMask = 2147483647;
			files = (
			);
			runOnlyForDeploymentPostprocessing = 0;
		};
		952E71AB2374B77D00E01C9B /* Resources */ = {
			isa = PBXResourcesBuildPhase;
			buildActionMask = 2147483647;
			files = (
			);
			runOnlyForDeploymentPostprocessing = 0;
		};
/* End PBXResourcesBuildPhase section */

/* Begin PBXSourcesBuildPhase section */
		952E71882374B77B00E01C9B /* Sources */ = {
			isa = PBXSourcesBuildPhase;
			buildActionMask = 2147483647;
			files = (
				952E71942374B77B00E01C9B /* ViewController.swift in Sources */,
				952E71902374B77B00E01C9B /* AppDelegate.swift in Sources */,
				952E71C02374B95500E01C9B /* CustomControl.swift in Sources */,
				952E71922374B77B00E01C9B /* SceneDelegate.swift in Sources */,
			);
			runOnlyForDeploymentPostprocessing = 0;
		};
		952E719E2374B77C00E01C9B /* Sources */ = {
			isa = PBXSourcesBuildPhase;
			buildActionMask = 2147483647;
			files = (
				952E71A72374B77C00E01C9B /* Custom_ControlsTests.swift in Sources */,
			);
			runOnlyForDeploymentPostprocessing = 0;
		};
		952E71A92374B77D00E01C9B /* Sources */ = {
			isa = PBXSourcesBuildPhase;
			buildActionMask = 2147483647;
			files = (
				952E71B22374B77D00E01C9B /* Custom_ControlsUITests.swift in Sources */,
			);
			runOnlyForDeploymentPostprocessing = 0;
		};
/* End PBXSourcesBuildPhase section */

/* Begin PBXTargetDependency section */
		952E71A42374B77C00E01C9B /* PBXTargetDependency */ = {
			isa = PBXTargetDependency;
			target = 952E718B2374B77B00E01C9B /* Custom Controls */;
			targetProxy = 952E71A32374B77C00E01C9B /* PBXContainerItemProxy */;
		};
		952E71AF2374B77D00E01C9B /* PBXTargetDependency */ = {
			isa = PBXTargetDependency;
			target = 952E718B2374B77B00E01C9B /* Custom Controls */;
			targetProxy = 952E71AE2374B77D00E01C9B /* PBXContainerItemProxy */;
		};
/* End PBXTargetDependency section */

/* Begin PBXVariantGroup section */
		952E71952374B77B00E01C9B /* Main.storyboard */ = {
			isa = PBXVariantGroup;
			children = (
				952E71962374B77B00E01C9B /* Base */,
			);
			name = Main.storyboard;
			sourceTree = "<group>";
		};
		952E719A2374B77C00E01C9B /* LaunchScreen.storyboard */ = {
			isa = PBXVariantGroup;
			children = (
				952E719B2374B77C00E01C9B /* Base */,
			);
			name = LaunchScreen.storyboard;
			sourceTree = "<group>";
		};
/* End PBXVariantGroup section */

/* Begin XCBuildConfiguration section */
		952E71B42374B77D00E01C9B /* Debug */ = {
			isa = XCBuildConfiguration;
			buildSettings = {
				ALWAYS_SEARCH_USER_PATHS = NO;
				CLANG_ANALYZER_NONNULL = YES;
				CLANG_ANALYZER_NUMBER_OBJECT_CONVERSION = YES_AGGRESSIVE;
				CLANG_CXX_LANGUAGE_STANDARD = "gnu++14";
				CLANG_CXX_LIBRARY = "libc++";
				CLANG_ENABLE_MODULES = YES;
				CLANG_ENABLE_OBJC_ARC = YES;
				CLANG_ENABLE_OBJC_WEAK = YES;
				CLANG_WARN_BLOCK_CAPTURE_AUTORELEASING = YES;
				CLANG_WARN_BOOL_CONVERSION = YES;
				CLANG_WARN_COMMA = YES;
				CLANG_WARN_CONSTANT_CONVERSION = YES;
				CLANG_WARN_DEPRECATED_OBJC_IMPLEMENTATIONS = YES;
				CLANG_WARN_DIRECT_OBJC_ISA_USAGE = YES_ERROR;
				CLANG_WARN_DOCUMENTATION_COMMENTS = YES;
				CLANG_WARN_EMPTY_BODY = YES;
				CLANG_WARN_ENUM_CONVERSION = YES;
				CLANG_WARN_INFINITE_RECURSION = YES;
				CLANG_WARN_INT_CONVERSION = YES;
				CLANG_WARN_NON_LITERAL_NULL_CONVERSION = YES;
				CLANG_WARN_OBJC_IMPLICIT_RETAIN_SELF = YES;
				CLANG_WARN_OBJC_LITERAL_CONVERSION = YES;
				CLANG_WARN_OBJC_ROOT_CLASS = YES_ERROR;
				CLANG_WARN_RANGE_LOOP_ANALYSIS = YES;
				CLANG_WARN_STRICT_PROTOTYPES = YES;
				CLANG_WARN_SUSPICIOUS_MOVE = YES;
				CLANG_WARN_UNGUARDED_AVAILABILITY = YES_AGGRESSIVE;
				CLANG_WARN_UNREACHABLE_CODE = YES;
				CLANG_WARN__DUPLICATE_METHOD_MATCH = YES;
				COPY_PHASE_STRIP = NO;
				DEBUG_INFORMATION_FORMAT = dwarf;
				ENABLE_STRICT_OBJC_MSGSEND = YES;
				ENABLE_TESTABILITY = YES;
				GCC_C_LANGUAGE_STANDARD = gnu11;
				GCC_DYNAMIC_NO_PIC = NO;
				GCC_NO_COMMON_BLOCKS = YES;
				GCC_OPTIMIZATION_LEVEL = 0;
				GCC_PREPROCESSOR_DEFINITIONS = (
					"DEBUG=1",
					"$(inherited)",
				);
				GCC_WARN_64_TO_32_BIT_CONVERSION = YES;
				GCC_WARN_ABOUT_RETURN_TYPE = YES_ERROR;
				GCC_WARN_UNDECLARED_SELECTOR = YES;
				GCC_WARN_UNINITIALIZED_AUTOS = YES_AGGRESSIVE;
				GCC_WARN_UNUSED_FUNCTION = YES;
				GCC_WARN_UNUSED_VARIABLE = YES;
				IPHONEOS_DEPLOYMENT_TARGET = 13.1;
				MTL_ENABLE_DEBUG_INFO = INCLUDE_SOURCE;
				MTL_FAST_MATH = YES;
				ONLY_ACTIVE_ARCH = YES;
				SDKROOT = iphoneos;
				SWIFT_ACTIVE_COMPILATION_CONDITIONS = DEBUG;
				SWIFT_OPTIMIZATION_LEVEL = "-Onone";
			};
			name = Debug;
		};
		952E71B52374B77D00E01C9B /* Release */ = {
			isa = XCBuildConfiguration;
			buildSettings = {
				ALWAYS_SEARCH_USER_PATHS = NO;
				CLANG_ANALYZER_NONNULL = YES;
				CLANG_ANALYZER_NUMBER_OBJECT_CONVERSION = YES_AGGRESSIVE;
				CLANG_CXX_LANGUAGE_STANDARD = "gnu++14";
				CLANG_CXX_LIBRARY = "libc++";
				CLANG_ENABLE_MODULES = YES;
				CLANG_ENABLE_OBJC_ARC = YES;
				CLANG_ENABLE_OBJC_WEAK = YES;
				CLANG_WARN_BLOCK_CAPTURE_AUTORELEASING = YES;
				CLANG_WARN_BOOL_CONVERSION = YES;
				CLANG_WARN_COMMA = YES;
				CLANG_WARN_CONSTANT_CONVERSION = YES;
				CLANG_WARN_DEPRECATED_OBJC_IMPLEMENTATIONS = YES;
				CLANG_WARN_DIRECT_OBJC_ISA_USAGE = YES_ERROR;
				CLANG_WARN_DOCUMENTATION_COMMENTS = YES;
				CLANG_WARN_EMPTY_BODY = YES;
				CLANG_WARN_ENUM_CONVERSION = YES;
				CLANG_WARN_INFINITE_RECURSION = YES;
				CLANG_WARN_INT_CONVERSION = YES;
				CLANG_WARN_NON_LITERAL_NULL_CONVERSION = YES;
				CLANG_WARN_OBJC_IMPLICIT_RETAIN_SELF = YES;
				CLANG_WARN_OBJC_LITERAL_CONVERSION = YES;
				CLANG_WARN_OBJC_ROOT_CLASS = YES_ERROR;
				CLANG_WARN_RANGE_LOOP_ANALYSIS = YES;
				CLANG_WARN_STRICT_PROTOTYPES = YES;
				CLANG_WARN_SUSPICIOUS_MOVE = YES;
				CLANG_WARN_UNGUARDED_AVAILABILITY = YES_AGGRESSIVE;
				CLANG_WARN_UNREACHABLE_CODE = YES;
				CLANG_WARN__DUPLICATE_METHOD_MATCH = YES;
				COPY_PHASE_STRIP = NO;
				DEBUG_INFORMATION_FORMAT = "dwarf-with-dsym";
				ENABLE_NS_ASSERTIONS = NO;
				ENABLE_STRICT_OBJC_MSGSEND = YES;
				GCC_C_LANGUAGE_STANDARD = gnu11;
				GCC_NO_COMMON_BLOCKS = YES;
				GCC_WARN_64_TO_32_BIT_CONVERSION = YES;
				GCC_WARN_ABOUT_RETURN_TYPE = YES_ERROR;
				GCC_WARN_UNDECLARED_SELECTOR = YES;
				GCC_WARN_UNINITIALIZED_AUTOS = YES_AGGRESSIVE;
				GCC_WARN_UNUSED_FUNCTION = YES;
				GCC_WARN_UNUSED_VARIABLE = YES;
				IPHONEOS_DEPLOYMENT_TARGET = 13.1;
				MTL_ENABLE_DEBUG_INFO = NO;
				MTL_FAST_MATH = YES;
				SDKROOT = iphoneos;
				SWIFT_COMPILATION_MODE = wholemodule;
				SWIFT_OPTIMIZATION_LEVEL = "-O";
				VALIDATE_PRODUCT = YES;
			};
			name = Release;
		};
		952E71B72374B77D00E01C9B /* Debug */ = {
			isa = XCBuildConfiguration;
			buildSettings = {
				ASSETCATALOG_COMPILER_APPICON_NAME = AppIcon;
				CODE_SIGN_STYLE = Automatic;
				INFOPLIST_FILE = "Custom Controls/Info.plist";
				LD_RUNPATH_SEARCH_PATHS = (
					"$(inherited)",
					"@executable_path/Frameworks",
				);
				PRODUCT_BUNDLE_IDENTIFIER = "com.lambdaschool.Custom-Controls";
				PRODUCT_NAME = "$(TARGET_NAME)";
				SWIFT_VERSION = 5.0;
				TARGETED_DEVICE_FAMILY = "1,2";
			};
			name = Debug;
		};
		952E71B82374B77D00E01C9B /* Release */ = {
			isa = XCBuildConfiguration;
			buildSettings = {
				ASSETCATALOG_COMPILER_APPICON_NAME = AppIcon;
				CODE_SIGN_STYLE = Automatic;
				INFOPLIST_FILE = "Custom Controls/Info.plist";
				LD_RUNPATH_SEARCH_PATHS = (
					"$(inherited)",
					"@executable_path/Frameworks",
				);
				PRODUCT_BUNDLE_IDENTIFIER = "com.lambdaschool.Custom-Controls";
				PRODUCT_NAME = "$(TARGET_NAME)";
				SWIFT_VERSION = 5.0;
				TARGETED_DEVICE_FAMILY = "1,2";
			};
			name = Release;
		};
		952E71BA2374B77D00E01C9B /* Debug */ = {
			isa = XCBuildConfiguration;
			buildSettings = {
				ALWAYS_EMBED_SWIFT_STANDARD_LIBRARIES = YES;
				BUNDLE_LOADER = "$(TEST_HOST)";
				CODE_SIGN_STYLE = Automatic;
				INFOPLIST_FILE = "Custom ControlsTests/Info.plist";
				IPHONEOS_DEPLOYMENT_TARGET = 13.1;
				LD_RUNPATH_SEARCH_PATHS = (
					"$(inherited)",
					"@executable_path/Frameworks",
					"@loader_path/Frameworks",
				);
				PRODUCT_BUNDLE_IDENTIFIER = "com.lambdaschool.Custom-ControlsTests";
				PRODUCT_NAME = "$(TARGET_NAME)";
				SWIFT_VERSION = 5.0;
				TARGETED_DEVICE_FAMILY = "1,2";
				TEST_HOST = "$(BUILT_PRODUCTS_DIR)/Custom Controls.app/Custom Controls";
			};
			name = Debug;
		};
		952E71BB2374B77D00E01C9B /* Release */ = {
			isa = XCBuildConfiguration;
			buildSettings = {
				ALWAYS_EMBED_SWIFT_STANDARD_LIBRARIES = YES;
				BUNDLE_LOADER = "$(TEST_HOST)";
				CODE_SIGN_STYLE = Automatic;
				INFOPLIST_FILE = "Custom ControlsTests/Info.plist";
				IPHONEOS_DEPLOYMENT_TARGET = 13.1;
				LD_RUNPATH_SEARCH_PATHS = (
					"$(inherited)",
					"@executable_path/Frameworks",
					"@loader_path/Frameworks",
				);
				PRODUCT_BUNDLE_IDENTIFIER = "com.lambdaschool.Custom-ControlsTests";
				PRODUCT_NAME = "$(TARGET_NAME)";
				SWIFT_VERSION = 5.0;
				TARGETED_DEVICE_FAMILY = "1,2";
				TEST_HOST = "$(BUILT_PRODUCTS_DIR)/Custom Controls.app/Custom Controls";
			};
			name = Release;
		};
		952E71BD2374B77D00E01C9B /* Debug */ = {
			isa = XCBuildConfiguration;
			buildSettings = {
				ALWAYS_EMBED_SWIFT_STANDARD_LIBRARIES = YES;
				CODE_SIGN_STYLE = Automatic;
				INFOPLIST_FILE = "Custom ControlsUITests/Info.plist";
				LD_RUNPATH_SEARCH_PATHS = (
					"$(inherited)",
					"@executable_path/Frameworks",
					"@loader_path/Frameworks",
				);
				PRODUCT_BUNDLE_IDENTIFIER = "com.lambdaschool.Custom-ControlsUITests";
				PRODUCT_NAME = "$(TARGET_NAME)";
				SWIFT_VERSION = 5.0;
				TARGETED_DEVICE_FAMILY = "1,2";
				TEST_TARGET_NAME = "Custom Controls";
			};
			name = Debug;
		};
		952E71BE2374B77D00E01C9B /* Release */ = {
			isa = XCBuildConfiguration;
			buildSettings = {
				ALWAYS_EMBED_SWIFT_STANDARD_LIBRARIES = YES;
				CODE_SIGN_STYLE = Automatic;
				INFOPLIST_FILE = "Custom ControlsUITests/Info.plist";
				LD_RUNPATH_SEARCH_PATHS = (
					"$(inherited)",
					"@executable_path/Frameworks",
					"@loader_path/Frameworks",
				);
				PRODUCT_BUNDLE_IDENTIFIER = "com.lambdaschool.Custom-ControlsUITests";
				PRODUCT_NAME = "$(TARGET_NAME)";
				SWIFT_VERSION = 5.0;
				TARGETED_DEVICE_FAMILY = "1,2";
				TEST_TARGET_NAME = "Custom Controls";
			};
			name = Release;
		};
/* End XCBuildConfiguration section */

/* Begin XCConfigurationList section */
		952E71872374B77B00E01C9B /* Build configuration list for PBXProject "Custom Controls" */ = {
			isa = XCConfigurationList;
			buildConfigurations = (
				952E71B42374B77D00E01C9B /* Debug */,
				952E71B52374B77D00E01C9B /* Release */,
			);
			defaultConfigurationIsVisible = 0;
			defaultConfigurationName = Release;
		};
		952E71B62374B77D00E01C9B /* Build configuration list for PBXNativeTarget "Custom Controls" */ = {
			isa = XCConfigurationList;
			buildConfigurations = (
				952E71B72374B77D00E01C9B /* Debug */,
				952E71B82374B77D00E01C9B /* Release */,
			);
			defaultConfigurationIsVisible = 0;
			defaultConfigurationName = Release;
		};
		952E71B92374B77D00E01C9B /* Build configuration list for PBXNativeTarget "Custom ControlsTests" */ = {
			isa = XCConfigurationList;
			buildConfigurations = (
				952E71BA2374B77D00E01C9B /* Debug */,
				952E71BB2374B77D00E01C9B /* Release */,
			);
			defaultConfigurationIsVisible = 0;
			defaultConfigurationName = Release;
		};
		952E71BC2374B77D00E01C9B /* Build configuration list for PBXNativeTarget "Custom ControlsUITests" */ = {
			isa = XCConfigurationList;
			buildConfigurations = (
				952E71BD2374B77D00E01C9B /* Debug */,
				952E71BE2374B77D00E01C9B /* Release */,
			);
			defaultConfigurationIsVisible = 0;
			defaultConfigurationName = Release;
		};
/* End XCConfigurationList section */
	};
	rootObject = 952E71842374B77B00E01C9B /* Project object */;
}
