// !$*UTF8*$!
{
	archiveVersion = 1;
	classes = {
	};
	objectVersion = 50;
	objects = {

/* Begin PBXBuildFile section */
		D6C8CDCC22AC0EC90090723C /* AppDelegate.swift in Sources */ = {isa = PBXBuildFile; fileRef = D6C8CDCB22AC0EC90090723C /* AppDelegate.swift */; };
		D6C8CDD122AC0EC90090723C /* Main.storyboard in Resources */ = {isa = PBXBuildFile; fileRef = D6C8CDCF22AC0EC90090723C /* Main.storyboard */; };
		D6C8CDD322AC0ECA0090723C /* Assets.xcassets in Resources */ = {isa = PBXBuildFile; fileRef = D6C8CDD222AC0ECA0090723C /* Assets.xcassets */; };
		D6C8CDD622AC0ECA0090723C /* LaunchScreen.storyboard in Resources */ = {isa = PBXBuildFile; fileRef = D6C8CDD422AC0ECA0090723C /* LaunchScreen.storyboard */; };
		D6C8CDDE22AC0FC40090723C /* ViewController.swift in Sources */ = {isa = PBXBuildFile; fileRef = D6C8CDDD22AC0FC40090723C /* ViewController.swift */; };
		D6C8CDE222AC10660090723C /* CustomControl.swift in Sources */ = {isa = PBXBuildFile; fileRef = D6C8CDE122AC10660090723C /* CustomControl.swift */; };
/* End PBXBuildFile section */

/* Begin PBXFileReference section */
		D6C8CDC822AC0EC90090723C /* Star Rating.app */ = {isa = PBXFileReference; explicitFileType = wrapper.application; includeInIndex = 0; path = "Star Rating.app"; sourceTree = BUILT_PRODUCTS_DIR; };
		D6C8CDCB22AC0EC90090723C /* AppDelegate.swift */ = {isa = PBXFileReference; lastKnownFileType = sourcecode.swift; path = AppDelegate.swift; sourceTree = "<group>"; };
		D6C8CDD022AC0EC90090723C /* Base */ = {isa = PBXFileReference; lastKnownFileType = file.storyboard; name = Base; path = Base.lproj/Main.storyboard; sourceTree = "<group>"; };
		D6C8CDD222AC0ECA0090723C /* Assets.xcassets */ = {isa = PBXFileReference; lastKnownFileType = folder.assetcatalog; path = Assets.xcassets; sourceTree = "<group>"; };
		D6C8CDD522AC0ECA0090723C /* Base */ = {isa = PBXFileReference; lastKnownFileType = file.storyboard; name = Base; path = Base.lproj/LaunchScreen.storyboard; sourceTree = "<group>"; };
		D6C8CDD722AC0ECA0090723C /* Info.plist */ = {isa = PBXFileReference; lastKnownFileType = text.plist.xml; path = Info.plist; sourceTree = "<group>"; };
		D6C8CDDD22AC0FC40090723C /* ViewController.swift */ = {isa = PBXFileReference; fileEncoding = 4; lastKnownFileType = sourcecode.swift; path = ViewController.swift; sourceTree = "<group>"; };
		D6C8CDE122AC10660090723C /* CustomControl.swift */ = {isa = PBXFileReference; lastKnownFileType = sourcecode.swift; path = CustomControl.swift; sourceTree = "<group>"; };
/* End PBXFileReference section */

/* Begin PBXFrameworksBuildPhase section */
		D6C8CDC522AC0EC90090723C /* Frameworks */ = {
			isa = PBXFrameworksBuildPhase;
			buildActionMask = 2147483647;
			files = (
			);
			runOnlyForDeploymentPostprocessing = 0;
		};
/* End PBXFrameworksBuildPhase section */

/* Begin PBXGroup section */
		D6C8CDBF22AC0EC90090723C = {
			isa = PBXGroup;
			children = (
				D6C8CDCA22AC0EC90090723C /* Star Rating */,
				D6C8CDC922AC0EC90090723C /* Products */,
			);
			sourceTree = "<group>";
		};
		D6C8CDC922AC0EC90090723C /* Products */ = {
			isa = PBXGroup;
			children = (
				D6C8CDC822AC0EC90090723C /* Star Rating.app */,
			);
			name = Products;
			sourceTree = "<group>";
		};
		D6C8CDCA22AC0EC90090723C /* Star Rating */ = {
			isa = PBXGroup;
			children = (
				D6C8CDE122AC10660090723C /* CustomControl.swift */,
				D6C8CDDD22AC0FC40090723C /* ViewController.swift */,
				D6C8CDCB22AC0EC90090723C /* AppDelegate.swift */,
				D6C8CDCF22AC0EC90090723C /* Main.storyboard */,
				D6C8CDD222AC0ECA0090723C /* Assets.xcassets */,
				D6C8CDD422AC0ECA0090723C /* LaunchScreen.storyboard */,
				D6C8CDD722AC0ECA0090723C /* Info.plist */,
			);
			path = "Star Rating";
			sourceTree = "<group>";
		};
/* End PBXGroup section */

/* Begin PBXNativeTarget section */
		D6C8CDC722AC0EC90090723C /* Star Rating */ = {
			isa = PBXNativeTarget;
			buildConfigurationList = D6C8CDDA22AC0ECA0090723C /* Build configuration list for PBXNativeTarget "Star Rating" */;
			buildPhases = (
				D6C8CDC422AC0EC90090723C /* Sources */,
				D6C8CDC522AC0EC90090723C /* Frameworks */,
				D6C8CDC622AC0EC90090723C /* Resources */,
			);
			buildRules = (
			);
			dependencies = (
			);
			name = "Star Rating";
			productName = "Star Rating";
			productReference = D6C8CDC822AC0EC90090723C /* Star Rating.app */;
			productType = "com.apple.product-type.application";
		};
/* End PBXNativeTarget section */

/* Begin PBXProject section */
		D6C8CDC022AC0EC90090723C /* Project object */ = {
			isa = PBXProject;
			attributes = {
				LastSwiftUpdateCheck = 1020;
				LastUpgradeCheck = 1020;
				ORGANIZATIONNAME = "Michael Stoffer";
				TargetAttributes = {
					D6C8CDC722AC0EC90090723C = {
						CreatedOnToolsVersion = 10.2.1;
					};
				};
			};
			buildConfigurationList = D6C8CDC322AC0EC90090723C /* Build configuration list for PBXProject "Star Rating" */;
			compatibilityVersion = "Xcode 9.3";
			developmentRegion = en;
			hasScannedForEncodings = 0;
			knownRegions = (
				en,
				Base,
			);
			mainGroup = D6C8CDBF22AC0EC90090723C;
			productRefGroup = D6C8CDC922AC0EC90090723C /* Products */;
			projectDirPath = "";
			projectRoot = "";
			targets = (
				D6C8CDC722AC0EC90090723C /* Star Rating */,
			);
		};
/* End PBXProject section */

/* Begin PBXResourcesBuildPhase section */
		D6C8CDC622AC0EC90090723C /* Resources */ = {
			isa = PBXResourcesBuildPhase;
			buildActionMask = 2147483647;
			files = (
				D6C8CDD622AC0ECA0090723C /* LaunchScreen.storyboard in Resources */,
				D6C8CDD322AC0ECA0090723C /* Assets.xcassets in Resources */,
				D6C8CDD122AC0EC90090723C /* Main.storyboard in Resources */,
			);
			runOnlyForDeploymentPostprocessing = 0;
		};
/* End PBXResourcesBuildPhase section */

/* Begin PBXSourcesBuildPhase section */
		D6C8CDC422AC0EC90090723C /* Sources */ = {
			isa = PBXSourcesBuildPhase;
			buildActionMask = 2147483647;
			files = (
				D6C8CDDE22AC0FC40090723C /* ViewController.swift in Sources */,
				D6C8CDE222AC10660090723C /* CustomControl.swift in Sources */,
				D6C8CDCC22AC0EC90090723C /* AppDelegate.swift in Sources */,
			);
			runOnlyForDeploymentPostprocessing = 0;
		};
/* End PBXSourcesBuildPhase section */

/* Begin PBXVariantGroup section */
		D6C8CDCF22AC0EC90090723C /* Main.storyboard */ = {
			isa = PBXVariantGroup;
			children = (
				D6C8CDD022AC0EC90090723C /* Base */,
			);
			name = Main.storyboard;
			sourceTree = "<group>";
		};
		D6C8CDD422AC0ECA0090723C /* LaunchScreen.storyboard */ = {
			isa = PBXVariantGroup;
			children = (
				D6C8CDD522AC0ECA0090723C /* Base */,
			);
			name = LaunchScreen.storyboard;
			sourceTree = "<group>";
		};
/* End PBXVariantGroup section */

/* Begin XCBuildConfiguration section */
		D6C8CDD822AC0ECA0090723C /* Debug */ = {
			isa = XCBuildConfiguration;
			buildSettings = {
				ALWAYS_SEARCH_USER_PATHS = NO;
				CLANG_ANALYZER_NONNULL = YES;
				CLANG_ANALYZER_NUMBER_OBJECT_CONVERSION = YES_AGGRESSIVE;
				CLANG_CXX_LANGUAGE_STANDARD = "gnu++14";
				CLANG_CXX_LIBRARY = "libc++";
				CLANG_ENABLE_MODULES = YES;
				CLANG_ENABLE_OBJC_ARC = YES;
				CLANG_ENABLE_OBJC_WEAK = YES;
				CLANG_WARN_BLOCK_CAPTURE_AUTORELEASING = YES;
				CLANG_WARN_BOOL_CONVERSION = YES;
				CLANG_WARN_COMMA = YES;
				CLANG_WARN_CONSTANT_CONVERSION = YES;
				CLANG_WARN_DEPRECATED_OBJC_IMPLEMENTATIONS = YES;
				CLANG_WARN_DIRECT_OBJC_ISA_USAGE = YES_ERROR;
				CLANG_WARN_DOCUMENTATION_COMMENTS = YES;
				CLANG_WARN_EMPTY_BODY = YES;
				CLANG_WARN_ENUM_CONVERSION = YES;
				CLANG_WARN_INFINITE_RECURSION = YES;
				CLANG_WARN_INT_CONVERSION = YES;
				CLANG_WARN_NON_LITERAL_NULL_CONVERSION = YES;
				CLANG_WARN_OBJC_IMPLICIT_RETAIN_SELF = YES;
				CLANG_WARN_OBJC_LITERAL_CONVERSION = YES;
				CLANG_WARN_OBJC_ROOT_CLASS = YES_ERROR;
				CLANG_WARN_RANGE_LOOP_ANALYSIS = YES;
				CLANG_WARN_STRICT_PROTOTYPES = YES;
				CLANG_WARN_SUSPICIOUS_MOVE = YES;
				CLANG_WARN_UNGUARDED_AVAILABILITY = YES_AGGRESSIVE;
				CLANG_WARN_UNREACHABLE_CODE = YES;
				CLANG_WARN__DUPLICATE_METHOD_MATCH = YES;
				CODE_SIGN_IDENTITY = "iPhone Developer";
				COPY_PHASE_STRIP = NO;
				DEBUG_INFORMATION_FORMAT = dwarf;
				ENABLE_STRICT_OBJC_MSGSEND = YES;
				ENABLE_TESTABILITY = YES;
				GCC_C_LANGUAGE_STANDARD = gnu11;
				GCC_DYNAMIC_NO_PIC = NO;
				GCC_NO_COMMON_BLOCKS = YES;
				GCC_OPTIMIZATION_LEVEL = 0;
				GCC_PREPROCESSOR_DEFINITIONS = (
					"DEBUG=1",
					"$(inherited)",
				);
				GCC_WARN_64_TO_32_BIT_CONVERSION = YES;
				GCC_WARN_ABOUT_RETURN_TYPE = YES_ERROR;
				GCC_WARN_UNDECLARED_SELECTOR = YES;
				GCC_WARN_UNINITIALIZED_AUTOS = YES_AGGRESSIVE;
				GCC_WARN_UNUSED_FUNCTION = YES;
				GCC_WARN_UNUSED_VARIABLE = YES;
				IPHONEOS_DEPLOYMENT_TARGET = 12.2;
				MTL_ENABLE_DEBUG_INFO = INCLUDE_SOURCE;
				MTL_FAST_MATH = YES;
				ONLY_ACTIVE_ARCH = YES;
				SDKROOT = iphoneos;
				SWIFT_ACTIVE_COMPILATION_CONDITIONS = DEBUG;
				SWIFT_OPTIMIZATION_LEVEL = "-Onone";
			};
			name = Debug;
		};
		D6C8CDD922AC0ECA0090723C /* Release */ = {
			isa = XCBuildConfiguration;
			buildSettings = {
				ALWAYS_SEARCH_USER_PATHS = NO;
				CLANG_ANALYZER_NONNULL = YES;
				CLANG_ANALYZER_NUMBER_OBJECT_CONVERSION = YES_AGGRESSIVE;
				CLANG_CXX_LANGUAGE_STANDARD = "gnu++14";
				CLANG_CXX_LIBRARY = "libc++";
				CLANG_ENABLE_MODULES = YES;
				CLANG_ENABLE_OBJC_ARC = YES;
				CLANG_ENABLE_OBJC_WEAK = YES;
				CLANG_WARN_BLOCK_CAPTURE_AUTORELEASING = YES;
				CLANG_WARN_BOOL_CONVERSION = YES;
				CLANG_WARN_COMMA = YES;
				CLANG_WARN_CONSTANT_CONVERSION = YES;
				CLANG_WARN_DEPRECATED_OBJC_IMPLEMENTATIONS = YES;
				CLANG_WARN_DIRECT_OBJC_ISA_USAGE = YES_ERROR;
				CLANG_WARN_DOCUMENTATION_COMMENTS = YES;
				CLANG_WARN_EMPTY_BODY = YES;
				CLANG_WARN_ENUM_CONVERSION = YES;
				CLANG_WARN_INFINITE_RECURSION = YES;
				CLANG_WARN_INT_CONVERSION = YES;
				CLANG_WARN_NON_LITERAL_NULL_CONVERSION = YES;
				CLANG_WARN_OBJC_IMPLICIT_RETAIN_SELF = YES;
				CLANG_WARN_OBJC_LITERAL_CONVERSION = YES;
				CLANG_WARN_OBJC_ROOT_CLASS = YES_ERROR;
				CLANG_WARN_RANGE_LOOP_ANALYSIS = YES;
				CLANG_WARN_STRICT_PROTOTYPES = YES;
				CLANG_WARN_SUSPICIOUS_MOVE = YES;
				CLANG_WARN_UNGUARDED_AVAILABILITY = YES_AGGRESSIVE;
				CLANG_WARN_UNREACHABLE_CODE = YES;
				CLANG_WARN__DUPLICATE_METHOD_MATCH = YES;
				CODE_SIGN_IDENTITY = "iPhone Developer";
				COPY_PHASE_STRIP = NO;
				DEBUG_INFORMATION_FORMAT = "dwarf-with-dsym";
				ENABLE_NS_ASSERTIONS = NO;
				ENABLE_STRICT_OBJC_MSGSEND = YES;
				GCC_C_LANGUAGE_STANDARD = gnu11;
				GCC_NO_COMMON_BLOCKS = YES;
				GCC_WARN_64_TO_32_BIT_CONVERSION = YES;
				GCC_WARN_ABOUT_RETURN_TYPE = YES_ERROR;
				GCC_WARN_UNDECLARED_SELECTOR = YES;
				GCC_WARN_UNINITIALIZED_AUTOS = YES_AGGRESSIVE;
				GCC_WARN_UNUSED_FUNCTION = YES;
				GCC_WARN_UNUSED_VARIABLE = YES;
				IPHONEOS_DEPLOYMENT_TARGET = 12.2;
				MTL_ENABLE_DEBUG_INFO = NO;
				MTL_FAST_MATH = YES;
				SDKROOT = iphoneos;
				SWIFT_COMPILATION_MODE = wholemodule;
				SWIFT_OPTIMIZATION_LEVEL = "-O";
				VALIDATE_PRODUCT = YES;
			};
			name = Release;
		};
		D6C8CDDB22AC0ECA0090723C /* Debug */ = {
			isa = XCBuildConfiguration;
			buildSettings = {
				ASSETCATALOG_COMPILER_APPICON_NAME = AppIcon;
				CODE_SIGN_STYLE = Automatic;
				DEVELOPMENT_TEAM = 3XVDLP5XYQ;
				INFOPLIST_FILE = "Star Rating/Info.plist";
				LD_RUNPATH_SEARCH_PATHS = (
					"$(inherited)",
					"@executable_path/Frameworks",
				);
				PRODUCT_BUNDLE_IDENTIFIER = "com.michaelstoffer.Star-Rating";
				PRODUCT_NAME = "$(TARGET_NAME)";
				SWIFT_VERSION = 5.0;
				TARGETED_DEVICE_FAMILY = "1,2";
			};
			name = Debug;
		};
		D6C8CDDC22AC0ECA0090723C /* Release */ = {
			isa = XCBuildConfiguration;
			buildSettings = {
				ASSETCATALOG_COMPILER_APPICON_NAME = AppIcon;
				CODE_SIGN_STYLE = Automatic;
				DEVELOPMENT_TEAM = 3XVDLP5XYQ;
				INFOPLIST_FILE = "Star Rating/Info.plist";
				LD_RUNPATH_SEARCH_PATHS = (
					"$(inherited)",
					"@executable_path/Frameworks",
				);
				PRODUCT_BUNDLE_IDENTIFIER = "com.michaelstoffer.Star-Rating";
				PRODUCT_NAME = "$(TARGET_NAME)";
				SWIFT_VERSION = 5.0;
				TARGETED_DEVICE_FAMILY = "1,2";
			};
			name = Release;
		};
/* End XCBuildConfiguration section */

/* Begin XCConfigurationList section */
		D6C8CDC322AC0EC90090723C /* Build configuration list for PBXProject "Star Rating" */ = {
			isa = XCConfigurationList;
			buildConfigurations = (
				D6C8CDD822AC0ECA0090723C /* Debug */,
				D6C8CDD922AC0ECA0090723C /* Release */,
			);
			defaultConfigurationIsVisible = 0;
			defaultConfigurationName = Release;
		};
		D6C8CDDA22AC0ECA0090723C /* Build configuration list for PBXNativeTarget "Star Rating" */ = {
			isa = XCConfigurationList;
			buildConfigurations = (
				D6C8CDDB22AC0ECA0090723C /* Debug */,
				D6C8CDDC22AC0ECA0090723C /* Release */,
			);
			defaultConfigurationIsVisible = 0;
			defaultConfigurationName = Release;
		};
/* End XCConfigurationList section */
	};
	rootObject = D6C8CDC022AC0EC90090723C /* Project object */;
}
