// !$*UTF8*$!
{
	archiveVersion = 1;
	classes = {
	};
	objectVersion = 50;
	objects = {

/* Begin PBXBuildFile section */
		BB7B3F352374ADC800E323B7 /* AppDelegate.swift in Sources */ = {isa = PBXBuildFile; fileRef = BB7B3F342374ADC800E323B7 /* AppDelegate.swift */; };
		BB7B3F372374ADC800E323B7 /* SceneDelegate.swift in Sources */ = {isa = PBXBuildFile; fileRef = BB7B3F362374ADC800E323B7 /* SceneDelegate.swift */; };
		BB7B3F392374ADC800E323B7 /* ViewController.swift in Sources */ = {isa = PBXBuildFile; fileRef = BB7B3F382374ADC800E323B7 /* ViewController.swift */; };
		BB7B3F3C2374ADC800E323B7 /* Main.storyboard in Resources */ = {isa = PBXBuildFile; fileRef = BB7B3F3A2374ADC800E323B7 /* Main.storyboard */; };
		BB7B3F3E2374ADC900E323B7 /* Assets.xcassets in Resources */ = {isa = PBXBuildFile; fileRef = BB7B3F3D2374ADC900E323B7 /* Assets.xcassets */; };
		BB7B3F412374ADC900E323B7 /* LaunchScreen.storyboard in Resources */ = {isa = PBXBuildFile; fileRef = BB7B3F3F2374ADC900E323B7 /* LaunchScreen.storyboard */; };
		BB7B3F492374AE4B00E323B7 /* CustomControl.swift in Sources */ = {isa = PBXBuildFile; fileRef = BB7B3F482374AE4B00E323B7 /* CustomControl.swift */; };
/* End PBXBuildFile section */

/* Begin PBXFileReference section */
		BB7B3F312374ADC800E323B7 /* StarCustomControl.app */ = {isa = PBXFileReference; explicitFileType = wrapper.application; includeInIndex = 0; path = StarCustomControl.app; sourceTree = BUILT_PRODUCTS_DIR; };
		BB7B3F342374ADC800E323B7 /* AppDelegate.swift */ = {isa = PBXFileReference; lastKnownFileType = sourcecode.swift; path = AppDelegate.swift; sourceTree = "<group>"; };
		BB7B3F362374ADC800E323B7 /* SceneDelegate.swift */ = {isa = PBXFileReference; lastKnownFileType = sourcecode.swift; path = SceneDelegate.swift; sourceTree = "<group>"; };
		BB7B3F382374ADC800E323B7 /* ViewController.swift */ = {isa = PBXFileReference; lastKnownFileType = sourcecode.swift; path = ViewController.swift; sourceTree = "<group>"; };
		BB7B3F3B2374ADC800E323B7 /* Base */ = {isa = PBXFileReference; lastKnownFileType = file.storyboard; name = Base; path = Base.lproj/Main.storyboard; sourceTree = "<group>"; };
		BB7B3F3D2374ADC900E323B7 /* Assets.xcassets */ = {isa = PBXFileReference; lastKnownFileType = folder.assetcatalog; path = Assets.xcassets; sourceTree = "<group>"; };
		BB7B3F402374ADC900E323B7 /* Base */ = {isa = PBXFileReference; lastKnownFileType = file.storyboard; name = Base; path = Base.lproj/LaunchScreen.storyboard; sourceTree = "<group>"; };
		BB7B3F422374ADC900E323B7 /* Info.plist */ = {isa = PBXFileReference; lastKnownFileType = text.plist.xml; path = Info.plist; sourceTree = "<group>"; };
		BB7B3F482374AE4B00E323B7 /* CustomControl.swift */ = {isa = PBXFileReference; lastKnownFileType = sourcecode.swift; path = CustomControl.swift; sourceTree = "<group>"; };
/* End PBXFileReference section */

/* Begin PBXFrameworksBuildPhase section */
		BB7B3F2E2374ADC800E323B7 /* Frameworks */ = {
			isa = PBXFrameworksBuildPhase;
			buildActionMask = 2147483647;
			files = (
			);
			runOnlyForDeploymentPostprocessing = 0;
		};
/* End PBXFrameworksBuildPhase section */

/* Begin PBXGroup section */
		BB7B3F282374ADC800E323B7 = {
			isa = PBXGroup;
			children = (
				BB7B3F332374ADC800E323B7 /* StarCustomControl */,
				BB7B3F322374ADC800E323B7 /* Products */,
			);
			sourceTree = "<group>";
		};
		BB7B3F322374ADC800E323B7 /* Products */ = {
			isa = PBXGroup;
			children = (
				BB7B3F312374ADC800E323B7 /* StarCustomControl.app */,
			);
			name = Products;
			sourceTree = "<group>";
		};
		BB7B3F332374ADC800E323B7 /* StarCustomControl */ = {
			isa = PBXGroup;
			children = (
				BB7B3F342374ADC800E323B7 /* AppDelegate.swift */,
				BB7B3F362374ADC800E323B7 /* SceneDelegate.swift */,
				BB7B3F382374ADC800E323B7 /* ViewController.swift */,
				BB7B3F482374AE4B00E323B7 /* CustomControl.swift */,
				BB7B3F3A2374ADC800E323B7 /* Main.storyboard */,
				BB7B3F3D2374ADC900E323B7 /* Assets.xcassets */,
				BB7B3F3F2374ADC900E323B7 /* LaunchScreen.storyboard */,
				BB7B3F422374ADC900E323B7 /* Info.plist */,
			);
			path = StarCustomControl;
			sourceTree = "<group>";
		};
/* End PBXGroup section */

/* Begin PBXNativeTarget section */
		BB7B3F302374ADC800E323B7 /* StarCustomControl */ = {
			isa = PBXNativeTarget;
			buildConfigurationList = BB7B3F452374ADC900E323B7 /* Build configuration list for PBXNativeTarget "StarCustomControl" */;
			buildPhases = (
				BB7B3F2D2374ADC800E323B7 /* Sources */,
				BB7B3F2E2374ADC800E323B7 /* Frameworks */,
				BB7B3F2F2374ADC800E323B7 /* Resources */,
			);
			buildRules = (
			);
			dependencies = (
			);
			name = StarCustomControl;
			productName = StarCustomControl;
			productReference = BB7B3F312374ADC800E323B7 /* StarCustomControl.app */;
			productType = "com.apple.product-type.application";
		};
/* End PBXNativeTarget section */

/* Begin PBXProject section */
		BB7B3F292374ADC800E323B7 /* Project object */ = {
			isa = PBXProject;
			attributes = {
				LastSwiftUpdateCheck = 1110;
				LastUpgradeCheck = 1110;
				ORGANIZATIONNAME = "Lambda School";
				TargetAttributes = {
					BB7B3F302374ADC800E323B7 = {
						CreatedOnToolsVersion = 11.1;
					};
				};
			};
			buildConfigurationList = BB7B3F2C2374ADC800E323B7 /* Build configuration list for PBXProject "StarCustomControl" */;
			compatibilityVersion = "Xcode 9.3";
			developmentRegion = en;
			hasScannedForEncodings = 0;
			knownRegions = (
				en,
				Base,
			);
			mainGroup = BB7B3F282374ADC800E323B7;
			productRefGroup = BB7B3F322374ADC800E323B7 /* Products */;
			projectDirPath = "";
			projectRoot = "";
			targets = (
				BB7B3F302374ADC800E323B7 /* StarCustomControl */,
			);
		};
/* End PBXProject section */

/* Begin PBXResourcesBuildPhase section */
		BB7B3F2F2374ADC800E323B7 /* Resources */ = {
			isa = PBXResourcesBuildPhase;
			buildActionMask = 2147483647;
			files = (
				BB7B3F412374ADC900E323B7 /* LaunchScreen.storyboard in Resources */,
				BB7B3F3E2374ADC900E323B7 /* Assets.xcassets in Resources */,
				BB7B3F3C2374ADC800E323B7 /* Main.storyboard in Resources */,
			);
			runOnlyForDeploymentPostprocessing = 0;
		};
/* End PBXResourcesBuildPhase section */

/* Begin PBXSourcesBuildPhase section */
		BB7B3F2D2374ADC800E323B7 /* Sources */ = {
			isa = PBXSourcesBuildPhase;
			buildActionMask = 2147483647;
			files = (
				BB7B3F392374ADC800E323B7 /* ViewController.swift in Sources */,
				BB7B3F352374ADC800E323B7 /* AppDelegate.swift in Sources */,
				BB7B3F492374AE4B00E323B7 /* CustomControl.swift in Sources */,
				BB7B3F372374ADC800E323B7 /* SceneDelegate.swift in Sources */,
			);
			runOnlyForDeploymentPostprocessing = 0;
		};
/* End PBXSourcesBuildPhase section */

/* Begin PBXVariantGroup section */
		BB7B3F3A2374ADC800E323B7 /* Main.storyboard */ = {
			isa = PBXVariantGroup;
			children = (
				BB7B3F3B2374ADC800E323B7 /* Base */,
			);
			name = Main.storyboard;
			sourceTree = "<group>";
		};
		BB7B3F3F2374ADC900E323B7 /* LaunchScreen.storyboard */ = {
			isa = PBXVariantGroup;
			children = (
				BB7B3F402374ADC900E323B7 /* Base */,
			);
			name = LaunchScreen.storyboard;
			sourceTree = "<group>";
		};
/* End PBXVariantGroup section */

/* Begin XCBuildConfiguration section */
		BB7B3F432374ADC900E323B7 /* Debug */ = {
			isa = XCBuildConfiguration;
			buildSettings = {
				ALWAYS_SEARCH_USER_PATHS = NO;
				CLANG_ANALYZER_NONNULL = YES;
				CLANG_ANALYZER_NUMBER_OBJECT_CONVERSION = YES_AGGRESSIVE;
				CLANG_CXX_LANGUAGE_STANDARD = "gnu++14";
				CLANG_CXX_LIBRARY = "libc++";
				CLANG_ENABLE_MODULES = YES;
				CLANG_ENABLE_OBJC_ARC = YES;
				CLANG_ENABLE_OBJC_WEAK = YES;
				CLANG_WARN_BLOCK_CAPTURE_AUTORELEASING = YES;
				CLANG_WARN_BOOL_CONVERSION = YES;
				CLANG_WARN_COMMA = YES;
				CLANG_WARN_CONSTANT_CONVERSION = YES;
				CLANG_WARN_DEPRECATED_OBJC_IMPLEMENTATIONS = YES;
				CLANG_WARN_DIRECT_OBJC_ISA_USAGE = YES_ERROR;
				CLANG_WARN_DOCUMENTATION_COMMENTS = YES;
				CLANG_WARN_EMPTY_BODY = YES;
				CLANG_WARN_ENUM_CONVERSION = YES;
				CLANG_WARN_INFINITE_RECURSION = YES;
				CLANG_WARN_INT_CONVERSION = YES;
				CLANG_WARN_NON_LITERAL_NULL_CONVERSION = YES;
				CLANG_WARN_OBJC_IMPLICIT_RETAIN_SELF = YES;
				CLANG_WARN_OBJC_LITERAL_CONVERSION = YES;
				CLANG_WARN_OBJC_ROOT_CLASS = YES_ERROR;
				CLANG_WARN_RANGE_LOOP_ANALYSIS = YES;
				CLANG_WARN_STRICT_PROTOTYPES = YES;
				CLANG_WARN_SUSPICIOUS_MOVE = YES;
				CLANG_WARN_UNGUARDED_AVAILABILITY = YES_AGGRESSIVE;
				CLANG_WARN_UNREACHABLE_CODE = YES;
				CLANG_WARN__DUPLICATE_METHOD_MATCH = YES;
				COPY_PHASE_STRIP = NO;
				DEBUG_INFORMATION_FORMAT = dwarf;
				ENABLE_STRICT_OBJC_MSGSEND = YES;
				ENABLE_TESTABILITY = YES;
				GCC_C_LANGUAGE_STANDARD = gnu11;
				GCC_DYNAMIC_NO_PIC = NO;
				GCC_NO_COMMON_BLOCKS = YES;
				GCC_OPTIMIZATION_LEVEL = 0;
				GCC_PREPROCESSOR_DEFINITIONS = (
					"DEBUG=1",
					"$(inherited)",
				);
				GCC_WARN_64_TO_32_BIT_CONVERSION = YES;
				GCC_WARN_ABOUT_RETURN_TYPE = YES_ERROR;
				GCC_WARN_UNDECLARED_SELECTOR = YES;
				GCC_WARN_UNINITIALIZED_AUTOS = YES_AGGRESSIVE;
				GCC_WARN_UNUSED_FUNCTION = YES;
				GCC_WARN_UNUSED_VARIABLE = YES;
				IPHONEOS_DEPLOYMENT_TARGET = 13.1;
				MTL_ENABLE_DEBUG_INFO = INCLUDE_SOURCE;
				MTL_FAST_MATH = YES;
				ONLY_ACTIVE_ARCH = YES;
				SDKROOT = iphoneos;
				SWIFT_ACTIVE_COMPILATION_CONDITIONS = DEBUG;
				SWIFT_OPTIMIZATION_LEVEL = "-Onone";
			};
			name = Debug;
		};
		BB7B3F442374ADC900E323B7 /* Release */ = {
			isa = XCBuildConfiguration;
			buildSettings = {
				ALWAYS_SEARCH_USER_PATHS = NO;
				CLANG_ANALYZER_NONNULL = YES;
				CLANG_ANALYZER_NUMBER_OBJECT_CONVERSION = YES_AGGRESSIVE;
				CLANG_CXX_LANGUAGE_STANDARD = "gnu++14";
				CLANG_CXX_LIBRARY = "libc++";
				CLANG_ENABLE_MODULES = YES;
				CLANG_ENABLE_OBJC_ARC = YES;
				CLANG_ENABLE_OBJC_WEAK = YES;
				CLANG_WARN_BLOCK_CAPTURE_AUTORELEASING = YES;
				CLANG_WARN_BOOL_CONVERSION = YES;
				CLANG_WARN_COMMA = YES;
				CLANG_WARN_CONSTANT_CONVERSION = YES;
				CLANG_WARN_DEPRECATED_OBJC_IMPLEMENTATIONS = YES;
				CLANG_WARN_DIRECT_OBJC_ISA_USAGE = YES_ERROR;
				CLANG_WARN_DOCUMENTATION_COMMENTS = YES;
				CLANG_WARN_EMPTY_BODY = YES;
				CLANG_WARN_ENUM_CONVERSION = YES;
				CLANG_WARN_INFINITE_RECURSION = YES;
				CLANG_WARN_INT_CONVERSION = YES;
				CLANG_WARN_NON_LITERAL_NULL_CONVERSION = YES;
				CLANG_WARN_OBJC_IMPLICIT_RETAIN_SELF = YES;
				CLANG_WARN_OBJC_LITERAL_CONVERSION = YES;
				CLANG_WARN_OBJC_ROOT_CLASS = YES_ERROR;
				CLANG_WARN_RANGE_LOOP_ANALYSIS = YES;
				CLANG_WARN_STRICT_PROTOTYPES = YES;
				CLANG_WARN_SUSPICIOUS_MOVE = YES;
				CLANG_WARN_UNGUARDED_AVAILABILITY = YES_AGGRESSIVE;
				CLANG_WARN_UNREACHABLE_CODE = YES;
				CLANG_WARN__DUPLICATE_METHOD_MATCH = YES;
				COPY_PHASE_STRIP = NO;
				DEBUG_INFORMATION_FORMAT = "dwarf-with-dsym";
				ENABLE_NS_ASSERTIONS = NO;
				ENABLE_STRICT_OBJC_MSGSEND = YES;
				GCC_C_LANGUAGE_STANDARD = gnu11;
				GCC_NO_COMMON_BLOCKS = YES;
				GCC_WARN_64_TO_32_BIT_CONVERSION = YES;
				GCC_WARN_ABOUT_RETURN_TYPE = YES_ERROR;
				GCC_WARN_UNDECLARED_SELECTOR = YES;
				GCC_WARN_UNINITIALIZED_AUTOS = YES_AGGRESSIVE;
				GCC_WARN_UNUSED_FUNCTION = YES;
				GCC_WARN_UNUSED_VARIABLE = YES;
				IPHONEOS_DEPLOYMENT_TARGET = 13.1;
				MTL_ENABLE_DEBUG_INFO = NO;
				MTL_FAST_MATH = YES;
				SDKROOT = iphoneos;
				SWIFT_COMPILATION_MODE = wholemodule;
				SWIFT_OPTIMIZATION_LEVEL = "-O";
				VALIDATE_PRODUCT = YES;
			};
			name = Release;
		};
		BB7B3F462374ADC900E323B7 /* Debug */ = {
			isa = XCBuildConfiguration;
			buildSettings = {
				ASSETCATALOG_COMPILER_APPICON_NAME = AppIcon;
				CODE_SIGN_STYLE = Automatic;
				INFOPLIST_FILE = StarCustomControl/Info.plist;
				LD_RUNPATH_SEARCH_PATHS = (
					"$(inherited)",
					"@executable_path/Frameworks",
				);
				PRODUCT_BUNDLE_IDENTIFIER = com.lambdaschool.StarCustomControl;
				PRODUCT_NAME = "$(TARGET_NAME)";
				SWIFT_VERSION = 5.0;
				TARGETED_DEVICE_FAMILY = "1,2";
			};
			name = Debug;
		};
		BB7B3F472374ADC900E323B7 /* Release */ = {
			isa = XCBuildConfiguration;
			buildSettings = {
				ASSETCATALOG_COMPILER_APPICON_NAME = AppIcon;
				CODE_SIGN_STYLE = Automatic;
				INFOPLIST_FILE = StarCustomControl/Info.plist;
				LD_RUNPATH_SEARCH_PATHS = (
					"$(inherited)",
					"@executable_path/Frameworks",
				);
				PRODUCT_BUNDLE_IDENTIFIER = com.lambdaschool.StarCustomControl;
				PRODUCT_NAME = "$(TARGET_NAME)";
				SWIFT_VERSION = 5.0;
				TARGETED_DEVICE_FAMILY = "1,2";
			};
			name = Release;
		};
/* End XCBuildConfiguration section */

/* Begin XCConfigurationList section */
		BB7B3F2C2374ADC800E323B7 /* Build configuration list for PBXProject "StarCustomControl" */ = {
			isa = XCConfigurationList;
			buildConfigurations = (
				BB7B3F432374ADC900E323B7 /* Debug */,
				BB7B3F442374ADC900E323B7 /* Release */,
			);
			defaultConfigurationIsVisible = 0;
			defaultConfigurationName = Release;
		};
		BB7B3F452374ADC900E323B7 /* Build configuration list for PBXNativeTarget "StarCustomControl" */ = {
			isa = XCConfigurationList;
			buildConfigurations = (
				BB7B3F462374ADC900E323B7 /* Debug */,
				BB7B3F472374ADC900E323B7 /* Release */,
			);
			defaultConfigurationIsVisible = 0;
			defaultConfigurationName = Release;
		};
/* End XCConfigurationList section */
	};
	rootObject = BB7B3F292374ADC800E323B7 /* Project object */;
}
