// !$*UTF8*$!
{
	archiveVersion = 1;
	classes = {
	};
	objectVersion = 50;
	objects = {

/* Begin PBXBuildFile section */
		1387BB942423FA5C00EEE1C2 /* AppDelegate.swift in Sources */ = {isa = PBXBuildFile; fileRef = 1387BB932423FA5C00EEE1C2 /* AppDelegate.swift */; };
		1387BB962423FA5C00EEE1C2 /* SceneDelegate.swift in Sources */ = {isa = PBXBuildFile; fileRef = 1387BB952423FA5C00EEE1C2 /* SceneDelegate.swift */; };
		1387BB982423FA5C00EEE1C2 /* ViewController.swift in Sources */ = {isa = PBXBuildFile; fileRef = 1387BB972423FA5C00EEE1C2 /* ViewController.swift */; };
		1387BB9B2423FA5C00EEE1C2 /* Main.storyboard in Resources */ = {isa = PBXBuildFile; fileRef = 1387BB992423FA5C00EEE1C2 /* Main.storyboard */; };
		1387BB9D2423FA5D00EEE1C2 /* Assets.xcassets in Resources */ = {isa = PBXBuildFile; fileRef = 1387BB9C2423FA5D00EEE1C2 /* Assets.xcassets */; };
		1387BBA02423FA5D00EEE1C2 /* LaunchScreen.storyboard in Resources */ = {isa = PBXBuildFile; fileRef = 1387BB9E2423FA5D00EEE1C2 /* LaunchScreen.storyboard */; };
		1387BBA82423FAC200EEE1C2 /* CustomControl.swift in Sources */ = {isa = PBXBuildFile; fileRef = 1387BBA72423FAC200EEE1C2 /* CustomControl.swift */; };
/* End PBXBuildFile section */

/* Begin PBXFileReference section */
		1387BB902423FA5C00EEE1C2 /* Custom Control.app */ = {isa = PBXFileReference; explicitFileType = wrapper.application; includeInIndex = 0; path = "Custom Control.app"; sourceTree = BUILT_PRODUCTS_DIR; };
		1387BB932423FA5C00EEE1C2 /* AppDelegate.swift */ = {isa = PBXFileReference; lastKnownFileType = sourcecode.swift; path = AppDelegate.swift; sourceTree = "<group>"; };
		1387BB952423FA5C00EEE1C2 /* SceneDelegate.swift */ = {isa = PBXFileReference; lastKnownFileType = sourcecode.swift; path = SceneDelegate.swift; sourceTree = "<group>"; };
		1387BB972423FA5C00EEE1C2 /* ViewController.swift */ = {isa = PBXFileReference; lastKnownFileType = sourcecode.swift; path = ViewController.swift; sourceTree = "<group>"; };
		1387BB9A2423FA5C00EEE1C2 /* Base */ = {isa = PBXFileReference; lastKnownFileType = file.storyboard; name = Base; path = Base.lproj/Main.storyboard; sourceTree = "<group>"; };
		1387BB9C2423FA5D00EEE1C2 /* Assets.xcassets */ = {isa = PBXFileReference; lastKnownFileType = folder.assetcatalog; path = Assets.xcassets; sourceTree = "<group>"; };
		1387BB9F2423FA5D00EEE1C2 /* Base */ = {isa = PBXFileReference; lastKnownFileType = file.storyboard; name = Base; path = Base.lproj/LaunchScreen.storyboard; sourceTree = "<group>"; };
		1387BBA12423FA5D00EEE1C2 /* Info.plist */ = {isa = PBXFileReference; lastKnownFileType = text.plist.xml; path = Info.plist; sourceTree = "<group>"; };
		1387BBA72423FAC200EEE1C2 /* CustomControl.swift */ = {isa = PBXFileReference; lastKnownFileType = sourcecode.swift; path = CustomControl.swift; sourceTree = "<group>"; };
/* End PBXFileReference section */

/* Begin PBXFrameworksBuildPhase section */
		1387BB8D2423FA5C00EEE1C2 /* Frameworks */ = {
			isa = PBXFrameworksBuildPhase;
			buildActionMask = 2147483647;
			files = (
			);
			runOnlyForDeploymentPostprocessing = 0;
		};
/* End PBXFrameworksBuildPhase section */

/* Begin PBXGroup section */
		1387BB872423FA5C00EEE1C2 = {
			isa = PBXGroup;
			children = (
				1387BB922423FA5C00EEE1C2 /* Custom Control */,
				1387BB912423FA5C00EEE1C2 /* Products */,
			);
			sourceTree = "<group>";
		};
		1387BB912423FA5C00EEE1C2 /* Products */ = {
			isa = PBXGroup;
			children = (
				1387BB902423FA5C00EEE1C2 /* Custom Control.app */,
			);
			name = Products;
			sourceTree = "<group>";
		};
		1387BB922423FA5C00EEE1C2 /* Custom Control */ = {
			isa = PBXGroup;
			children = (
				1387BB932423FA5C00EEE1C2 /* AppDelegate.swift */,
				1387BB952423FA5C00EEE1C2 /* SceneDelegate.swift */,
				1387BB972423FA5C00EEE1C2 /* ViewController.swift */,
				1387BB992423FA5C00EEE1C2 /* Main.storyboard */,
				1387BBA72423FAC200EEE1C2 /* CustomControl.swift */,
				1387BB9C2423FA5D00EEE1C2 /* Assets.xcassets */,
				1387BB9E2423FA5D00EEE1C2 /* LaunchScreen.storyboard */,
				1387BBA12423FA5D00EEE1C2 /* Info.plist */,
			);
			path = "Custom Control";
			sourceTree = "<group>";
		};
/* End PBXGroup section */

/* Begin PBXNativeTarget section */
		1387BB8F2423FA5C00EEE1C2 /* Custom Control */ = {
			isa = PBXNativeTarget;
			buildConfigurationList = 1387BBA42423FA5D00EEE1C2 /* Build configuration list for PBXNativeTarget "Custom Control" */;
			buildPhases = (
				1387BB8C2423FA5C00EEE1C2 /* Sources */,
				1387BB8D2423FA5C00EEE1C2 /* Frameworks */,
				1387BB8E2423FA5C00EEE1C2 /* Resources */,
			);
			buildRules = (
			);
			dependencies = (
			);
			name = "Custom Control";
			productName = "Custom Control";
			productReference = 1387BB902423FA5C00EEE1C2 /* Custom Control.app */;
			productType = "com.apple.product-type.application";
		};
/* End PBXNativeTarget section */

/* Begin PBXProject section */
		1387BB882423FA5C00EEE1C2 /* Project object */ = {
			isa = PBXProject;
			attributes = {
				LastSwiftUpdateCheck = 1130;
				LastUpgradeCheck = 1130;
				ORGANIZATIONNAME = "Wyatt Harrell";
				TargetAttributes = {
					1387BB8F2423FA5C00EEE1C2 = {
						CreatedOnToolsVersion = 11.3.1;
					};
				};
			};
			buildConfigurationList = 1387BB8B2423FA5C00EEE1C2 /* Build configuration list for PBXProject "Custom Control" */;
			compatibilityVersion = "Xcode 9.3";
			developmentRegion = en;
			hasScannedForEncodings = 0;
			knownRegions = (
				en,
				Base,
			);
			mainGroup = 1387BB872423FA5C00EEE1C2;
			productRefGroup = 1387BB912423FA5C00EEE1C2 /* Products */;
			projectDirPath = "";
			projectRoot = "";
			targets = (
				1387BB8F2423FA5C00EEE1C2 /* Custom Control */,
			);
		};
/* End PBXProject section */

/* Begin PBXResourcesBuildPhase section */
		1387BB8E2423FA5C00EEE1C2 /* Resources */ = {
			isa = PBXResourcesBuildPhase;
			buildActionMask = 2147483647;
			files = (
				1387BBA02423FA5D00EEE1C2 /* LaunchScreen.storyboard in Resources */,
				1387BB9D2423FA5D00EEE1C2 /* Assets.xcassets in Resources */,
				1387BB9B2423FA5C00EEE1C2 /* Main.storyboard in Resources */,
			);
			runOnlyForDeploymentPostprocessing = 0;
		};
/* End PBXResourcesBuildPhase section */

/* Begin PBXSourcesBuildPhase section */
		1387BB8C2423FA5C00EEE1C2 /* Sources */ = {
			isa = PBXSourcesBuildPhase;
			buildActionMask = 2147483647;
			files = (
				1387BB982423FA5C00EEE1C2 /* ViewController.swift in Sources */,
				1387BB942423FA5C00EEE1C2 /* AppDelegate.swift in Sources */,
				1387BBA82423FAC200EEE1C2 /* CustomControl.swift in Sources */,
				1387BB962423FA5C00EEE1C2 /* SceneDelegate.swift in Sources */,
			);
			runOnlyForDeploymentPostprocessing = 0;
		};
/* End PBXSourcesBuildPhase section */

/* Begin PBXVariantGroup section */
		1387BB992423FA5C00EEE1C2 /* Main.storyboard */ = {
			isa = PBXVariantGroup;
			children = (
				1387BB9A2423FA5C00EEE1C2 /* Base */,
			);
			name = Main.storyboard;
			sourceTree = "<group>";
		};
		1387BB9E2423FA5D00EEE1C2 /* LaunchScreen.storyboard */ = {
			isa = PBXVariantGroup;
			children = (
				1387BB9F2423FA5D00EEE1C2 /* Base */,
			);
			name = LaunchScreen.storyboard;
			sourceTree = "<group>";
		};
/* End PBXVariantGroup section */

/* Begin XCBuildConfiguration section */
		1387BBA22423FA5D00EEE1C2 /* Debug */ = {
			isa = XCBuildConfiguration;
			buildSettings = {
				ALWAYS_SEARCH_USER_PATHS = NO;
				CLANG_ANALYZER_NONNULL = YES;
				CLANG_ANALYZER_NUMBER_OBJECT_CONVERSION = YES_AGGRESSIVE;
				CLANG_CXX_LANGUAGE_STANDARD = "gnu++14";
				CLANG_CXX_LIBRARY = "libc++";
				CLANG_ENABLE_MODULES = YES;
				CLANG_ENABLE_OBJC_ARC = YES;
				CLANG_ENABLE_OBJC_WEAK = YES;
				CLANG_WARN_BLOCK_CAPTURE_AUTORELEASING = YES;
				CLANG_WARN_BOOL_CONVERSION = YES;
				CLANG_WARN_COMMA = YES;
				CLANG_WARN_CONSTANT_CONVERSION = YES;
				CLANG_WARN_DEPRECATED_OBJC_IMPLEMENTATIONS = YES;
				CLANG_WARN_DIRECT_OBJC_ISA_USAGE = YES_ERROR;
				CLANG_WARN_DOCUMENTATION_COMMENTS = YES;
				CLANG_WARN_EMPTY_BODY = YES;
				CLANG_WARN_ENUM_CONVERSION = YES;
				CLANG_WARN_INFINITE_RECURSION = YES;
				CLANG_WARN_INT_CONVERSION = YES;
				CLANG_WARN_NON_LITERAL_NULL_CONVERSION = YES;
				CLANG_WARN_OBJC_IMPLICIT_RETAIN_SELF = YES;
				CLANG_WARN_OBJC_LITERAL_CONVERSION = YES;
				CLANG_WARN_OBJC_ROOT_CLASS = YES_ERROR;
				CLANG_WARN_RANGE_LOOP_ANALYSIS = YES;
				CLANG_WARN_STRICT_PROTOTYPES = YES;
				CLANG_WARN_SUSPICIOUS_MOVE = YES;
				CLANG_WARN_UNGUARDED_AVAILABILITY = YES_AGGRESSIVE;
				CLANG_WARN_UNREACHABLE_CODE = YES;
				CLANG_WARN__DUPLICATE_METHOD_MATCH = YES;
				COPY_PHASE_STRIP = NO;
				DEBUG_INFORMATION_FORMAT = dwarf;
				ENABLE_STRICT_OBJC_MSGSEND = YES;
				ENABLE_TESTABILITY = YES;
				GCC_C_LANGUAGE_STANDARD = gnu11;
				GCC_DYNAMIC_NO_PIC = NO;
				GCC_NO_COMMON_BLOCKS = YES;
				GCC_OPTIMIZATION_LEVEL = 0;
				GCC_PREPROCESSOR_DEFINITIONS = (
					"DEBUG=1",
					"$(inherited)",
				);
				GCC_WARN_64_TO_32_BIT_CONVERSION = YES;
				GCC_WARN_ABOUT_RETURN_TYPE = YES_ERROR;
				GCC_WARN_UNDECLARED_SELECTOR = YES;
				GCC_WARN_UNINITIALIZED_AUTOS = YES_AGGRESSIVE;
				GCC_WARN_UNUSED_FUNCTION = YES;
				GCC_WARN_UNUSED_VARIABLE = YES;
				IPHONEOS_DEPLOYMENT_TARGET = 13.2;
				MTL_ENABLE_DEBUG_INFO = INCLUDE_SOURCE;
				MTL_FAST_MATH = YES;
				ONLY_ACTIVE_ARCH = YES;
				SDKROOT = iphoneos;
				SWIFT_ACTIVE_COMPILATION_CONDITIONS = DEBUG;
				SWIFT_OPTIMIZATION_LEVEL = "-Onone";
			};
			name = Debug;
		};
		1387BBA32423FA5D00EEE1C2 /* Release */ = {
			isa = XCBuildConfiguration;
			buildSettings = {
				ALWAYS_SEARCH_USER_PATHS = NO;
				CLANG_ANALYZER_NONNULL = YES;
				CLANG_ANALYZER_NUMBER_OBJECT_CONVERSION = YES_AGGRESSIVE;
				CLANG_CXX_LANGUAGE_STANDARD = "gnu++14";
				CLANG_CXX_LIBRARY = "libc++";
				CLANG_ENABLE_MODULES = YES;
				CLANG_ENABLE_OBJC_ARC = YES;
				CLANG_ENABLE_OBJC_WEAK = YES;
				CLANG_WARN_BLOCK_CAPTURE_AUTORELEASING = YES;
				CLANG_WARN_BOOL_CONVERSION = YES;
				CLANG_WARN_COMMA = YES;
				CLANG_WARN_CONSTANT_CONVERSION = YES;
				CLANG_WARN_DEPRECATED_OBJC_IMPLEMENTATIONS = YES;
				CLANG_WARN_DIRECT_OBJC_ISA_USAGE = YES_ERROR;
				CLANG_WARN_DOCUMENTATION_COMMENTS = YES;
				CLANG_WARN_EMPTY_BODY = YES;
				CLANG_WARN_ENUM_CONVERSION = YES;
				CLANG_WARN_INFINITE_RECURSION = YES;
				CLANG_WARN_INT_CONVERSION = YES;
				CLANG_WARN_NON_LITERAL_NULL_CONVERSION = YES;
				CLANG_WARN_OBJC_IMPLICIT_RETAIN_SELF = YES;
				CLANG_WARN_OBJC_LITERAL_CONVERSION = YES;
				CLANG_WARN_OBJC_ROOT_CLASS = YES_ERROR;
				CLANG_WARN_RANGE_LOOP_ANALYSIS = YES;
				CLANG_WARN_STRICT_PROTOTYPES = YES;
				CLANG_WARN_SUSPICIOUS_MOVE = YES;
				CLANG_WARN_UNGUARDED_AVAILABILITY = YES_AGGRESSIVE;
				CLANG_WARN_UNREACHABLE_CODE = YES;
				CLANG_WARN__DUPLICATE_METHOD_MATCH = YES;
				COPY_PHASE_STRIP = NO;
				DEBUG_INFORMATION_FORMAT = "dwarf-with-dsym";
				ENABLE_NS_ASSERTIONS = NO;
				ENABLE_STRICT_OBJC_MSGSEND = YES;
				GCC_C_LANGUAGE_STANDARD = gnu11;
				GCC_NO_COMMON_BLOCKS = YES;
				GCC_WARN_64_TO_32_BIT_CONVERSION = YES;
				GCC_WARN_ABOUT_RETURN_TYPE = YES_ERROR;
				GCC_WARN_UNDECLARED_SELECTOR = YES;
				GCC_WARN_UNINITIALIZED_AUTOS = YES_AGGRESSIVE;
				GCC_WARN_UNUSED_FUNCTION = YES;
				GCC_WARN_UNUSED_VARIABLE = YES;
				IPHONEOS_DEPLOYMENT_TARGET = 13.2;
				MTL_ENABLE_DEBUG_INFO = NO;
				MTL_FAST_MATH = YES;
				SDKROOT = iphoneos;
				SWIFT_COMPILATION_MODE = wholemodule;
				SWIFT_OPTIMIZATION_LEVEL = "-O";
				VALIDATE_PRODUCT = YES;
			};
			name = Release;
		};
		1387BBA52423FA5D00EEE1C2 /* Debug */ = {
			isa = XCBuildConfiguration;
			buildSettings = {
				ASSETCATALOG_COMPILER_APPICON_NAME = AppIcon;
				CODE_SIGN_STYLE = Automatic;
				INFOPLIST_FILE = "Custom Control/Info.plist";
				LD_RUNPATH_SEARCH_PATHS = (
					"$(inherited)",
					"@executable_path/Frameworks",
				);
				PRODUCT_BUNDLE_IDENTIFIER = "com.wyattharrell.Custom-Control";
				PRODUCT_NAME = "$(TARGET_NAME)";
				SWIFT_VERSION = 5.0;
				TARGETED_DEVICE_FAMILY = "1,2";
			};
			name = Debug;
		};
		1387BBA62423FA5D00EEE1C2 /* Release */ = {
			isa = XCBuildConfiguration;
			buildSettings = {
				ASSETCATALOG_COMPILER_APPICON_NAME = AppIcon;
				CODE_SIGN_STYLE = Automatic;
				INFOPLIST_FILE = "Custom Control/Info.plist";
				LD_RUNPATH_SEARCH_PATHS = (
					"$(inherited)",
					"@executable_path/Frameworks",
				);
				PRODUCT_BUNDLE_IDENTIFIER = "com.wyattharrell.Custom-Control";
				PRODUCT_NAME = "$(TARGET_NAME)";
				SWIFT_VERSION = 5.0;
				TARGETED_DEVICE_FAMILY = "1,2";
			};
			name = Release;
		};
/* End XCBuildConfiguration section */

/* Begin XCConfigurationList section */
		1387BB8B2423FA5C00EEE1C2 /* Build configuration list for PBXProject "Custom Control" */ = {
			isa = XCConfigurationList;
			buildConfigurations = (
				1387BBA22423FA5D00EEE1C2 /* Debug */,
				1387BBA32423FA5D00EEE1C2 /* Release */,
			);
			defaultConfigurationIsVisible = 0;
			defaultConfigurationName = Release;
		};
		1387BBA42423FA5D00EEE1C2 /* Build configuration list for PBXNativeTarget "Custom Control" */ = {
			isa = XCConfigurationList;
			buildConfigurations = (
				1387BBA52423FA5D00EEE1C2 /* Debug */,
				1387BBA62423FA5D00EEE1C2 /* Release */,
			);
			defaultConfigurationIsVisible = 0;
			defaultConfigurationName = Release;
		};
/* End XCConfigurationList section */
	};
	rootObject = 1387BB882423FA5C00EEE1C2 /* Project object */;
}
