// !$*UTF8*$!
{
	archiveVersion = 1;
	classes = {
	};
	objectVersion = 50;
	objects = {

/* Begin PBXBuildFile section */
		EFCE9A382294813500BAAA86 /* AppDelegate.swift in Sources */ = {isa = PBXBuildFile; fileRef = EFCE9A372294813500BAAA86 /* AppDelegate.swift */; };
		EFCE9A3A2294813500BAAA86 /* ViewController.swift in Sources */ = {isa = PBXBuildFile; fileRef = EFCE9A392294813500BAAA86 /* ViewController.swift */; };
		EFCE9A3D2294813500BAAA86 /* Main.storyboard in Resources */ = {isa = PBXBuildFile; fileRef = EFCE9A3B2294813500BAAA86 /* Main.storyboard */; };
		EFCE9A3F2294813600BAAA86 /* Assets.xcassets in Resources */ = {isa = PBXBuildFile; fileRef = EFCE9A3E2294813600BAAA86 /* Assets.xcassets */; };
		EFCE9A422294813600BAAA86 /* LaunchScreen.storyboard in Resources */ = {isa = PBXBuildFile; fileRef = EFCE9A402294813600BAAA86 /* LaunchScreen.storyboard */; };
		EFCE9A4A2294824A00BAAA86 /* CustomControl.swift in Sources */ = {isa = PBXBuildFile; fileRef = EFCE9A492294824A00BAAA86 /* CustomControl.swift */; };
/* End PBXBuildFile section */

/* Begin PBXFileReference section */
		EFCE9A342294813500BAAA86 /* Custom Control.app */ = {isa = PBXFileReference; explicitFileType = wrapper.application; includeInIndex = 0; path = "Custom Control.app"; sourceTree = BUILT_PRODUCTS_DIR; };
		EFCE9A372294813500BAAA86 /* AppDelegate.swift */ = {isa = PBXFileReference; lastKnownFileType = sourcecode.swift; path = AppDelegate.swift; sourceTree = "<group>"; };
		EFCE9A392294813500BAAA86 /* ViewController.swift */ = {isa = PBXFileReference; lastKnownFileType = sourcecode.swift; path = ViewController.swift; sourceTree = "<group>"; };
		EFCE9A3C2294813500BAAA86 /* Base */ = {isa = PBXFileReference; lastKnownFileType = file.storyboard; name = Base; path = Base.lproj/Main.storyboard; sourceTree = "<group>"; };
		EFCE9A3E2294813600BAAA86 /* Assets.xcassets */ = {isa = PBXFileReference; lastKnownFileType = folder.assetcatalog; path = Assets.xcassets; sourceTree = "<group>"; };
		EFCE9A412294813600BAAA86 /* Base */ = {isa = PBXFileReference; lastKnownFileType = file.storyboard; name = Base; path = Base.lproj/LaunchScreen.storyboard; sourceTree = "<group>"; };
		EFCE9A432294813600BAAA86 /* Info.plist */ = {isa = PBXFileReference; lastKnownFileType = text.plist.xml; path = Info.plist; sourceTree = "<group>"; };
		EFCE9A492294824A00BAAA86 /* CustomControl.swift */ = {isa = PBXFileReference; lastKnownFileType = sourcecode.swift; path = CustomControl.swift; sourceTree = "<group>"; };
/* End PBXFileReference section */

/* Begin PBXFrameworksBuildPhase section */
		EFCE9A312294813500BAAA86 /* Frameworks */ = {
			isa = PBXFrameworksBuildPhase;
			buildActionMask = 2147483647;
			files = (
			);
			runOnlyForDeploymentPostprocessing = 0;
		};
/* End PBXFrameworksBuildPhase section */

/* Begin PBXGroup section */
		EFCE9A2B2294813500BAAA86 = {
			isa = PBXGroup;
			children = (
				EFCE9A362294813500BAAA86 /* Custom Control */,
				EFCE9A352294813500BAAA86 /* Products */,
			);
			sourceTree = "<group>";
		};
		EFCE9A352294813500BAAA86 /* Products */ = {
			isa = PBXGroup;
			children = (
				EFCE9A342294813500BAAA86 /* Custom Control.app */,
			);
			name = Products;
			sourceTree = "<group>";
		};
		EFCE9A362294813500BAAA86 /* Custom Control */ = {
			isa = PBXGroup;
			children = (
				EFCE9A492294824A00BAAA86 /* CustomControl.swift */,
				EFCE9A392294813500BAAA86 /* ViewController.swift */,
				EFCE9A372294813500BAAA86 /* AppDelegate.swift */,
				EFCE9A3B2294813500BAAA86 /* Main.storyboard */,
				EFCE9A3E2294813600BAAA86 /* Assets.xcassets */,
				EFCE9A402294813600BAAA86 /* LaunchScreen.storyboard */,
				EFCE9A432294813600BAAA86 /* Info.plist */,
			);
			path = "Custom Control";
			sourceTree = "<group>";
		};
/* End PBXGroup section */

/* Begin PBXNativeTarget section */
		EFCE9A332294813500BAAA86 /* Custom Control */ = {
			isa = PBXNativeTarget;
			buildConfigurationList = EFCE9A462294813600BAAA86 /* Build configuration list for PBXNativeTarget "Custom Control" */;
			buildPhases = (
				EFCE9A302294813500BAAA86 /* Sources */,
				EFCE9A312294813500BAAA86 /* Frameworks */,
				EFCE9A322294813500BAAA86 /* Resources */,
			);
			buildRules = (
			);
			dependencies = (
			);
			name = "Custom Control";
			productName = "Custom Control";
			productReference = EFCE9A342294813500BAAA86 /* Custom Control.app */;
			productType = "com.apple.product-type.application";
		};
/* End PBXNativeTarget section */

/* Begin PBXProject section */
		EFCE9A2C2294813500BAAA86 /* Project object */ = {
			isa = PBXProject;
			attributes = {
				LastSwiftUpdateCheck = 1020;
				LastUpgradeCheck = 1020;
				ORGANIZATIONNAME = "Hayden Hastings";
				TargetAttributes = {
					EFCE9A332294813500BAAA86 = {
						CreatedOnToolsVersion = 10.2.1;
					};
				};
			};
			buildConfigurationList = EFCE9A2F2294813500BAAA86 /* Build configuration list for PBXProject "Custom Control" */;
			compatibilityVersion = "Xcode 9.3";
			developmentRegion = en;
			hasScannedForEncodings = 0;
			knownRegions = (
				en,
				Base,
			);
			mainGroup = EFCE9A2B2294813500BAAA86;
			productRefGroup = EFCE9A352294813500BAAA86 /* Products */;
			projectDirPath = "";
			projectRoot = "";
			targets = (
				EFCE9A332294813500BAAA86 /* Custom Control */,
			);
		};
/* End PBXProject section */

/* Begin PBXResourcesBuildPhase section */
		EFCE9A322294813500BAAA86 /* Resources */ = {
			isa = PBXResourcesBuildPhase;
			buildActionMask = 2147483647;
			files = (
				EFCE9A422294813600BAAA86 /* LaunchScreen.storyboard in Resources */,
				EFCE9A3F2294813600BAAA86 /* Assets.xcassets in Resources */,
				EFCE9A3D2294813500BAAA86 /* Main.storyboard in Resources */,
			);
			runOnlyForDeploymentPostprocessing = 0;
		};
/* End PBXResourcesBuildPhase section */

/* Begin PBXSourcesBuildPhase section */
		EFCE9A302294813500BAAA86 /* Sources */ = {
			isa = PBXSourcesBuildPhase;
			buildActionMask = 2147483647;
			files = (
				EFCE9A3A2294813500BAAA86 /* ViewController.swift in Sources */,
				EFCE9A4A2294824A00BAAA86 /* CustomControl.swift in Sources */,
				EFCE9A382294813500BAAA86 /* AppDelegate.swift in Sources */,
			);
			runOnlyForDeploymentPostprocessing = 0;
		};
/* End PBXSourcesBuildPhase section */

/* Begin PBXVariantGroup section */
		EFCE9A3B2294813500BAAA86 /* Main.storyboard */ = {
			isa = PBXVariantGroup;
			children = (
				EFCE9A3C2294813500BAAA86 /* Base */,
			);
			name = Main.storyboard;
			sourceTree = "<group>";
		};
		EFCE9A402294813600BAAA86 /* LaunchScreen.storyboard */ = {
			isa = PBXVariantGroup;
			children = (
				EFCE9A412294813600BAAA86 /* Base */,
			);
			name = LaunchScreen.storyboard;
			sourceTree = "<group>";
		};
/* End PBXVariantGroup section */

/* Begin XCBuildConfiguration section */
		EFCE9A442294813600BAAA86 /* Debug */ = {
			isa = XCBuildConfiguration;
			buildSettings = {
				ALWAYS_SEARCH_USER_PATHS = NO;
				CLANG_ANALYZER_NONNULL = YES;
				CLANG_ANALYZER_NUMBER_OBJECT_CONVERSION = YES_AGGRESSIVE;
				CLANG_CXX_LANGUAGE_STANDARD = "gnu++14";
				CLANG_CXX_LIBRARY = "libc++";
				CLANG_ENABLE_MODULES = YES;
				CLANG_ENABLE_OBJC_ARC = YES;
				CLANG_ENABLE_OBJC_WEAK = YES;
				CLANG_WARN_BLOCK_CAPTURE_AUTORELEASING = YES;
				CLANG_WARN_BOOL_CONVERSION = YES;
				CLANG_WARN_COMMA = YES;
				CLANG_WARN_CONSTANT_CONVERSION = YES;
				CLANG_WARN_DEPRECATED_OBJC_IMPLEMENTATIONS = YES;
				CLANG_WARN_DIRECT_OBJC_ISA_USAGE = YES_ERROR;
				CLANG_WARN_DOCUMENTATION_COMMENTS = YES;
				CLANG_WARN_EMPTY_BODY = YES;
				CLANG_WARN_ENUM_CONVERSION = YES;
				CLANG_WARN_INFINITE_RECURSION = YES;
				CLANG_WARN_INT_CONVERSION = YES;
				CLANG_WARN_NON_LITERAL_NULL_CONVERSION = YES;
				CLANG_WARN_OBJC_IMPLICIT_RETAIN_SELF = YES;
				CLANG_WARN_OBJC_LITERAL_CONVERSION = YES;
				CLANG_WARN_OBJC_ROOT_CLASS = YES_ERROR;
				CLANG_WARN_RANGE_LOOP_ANALYSIS = YES;
				CLANG_WARN_STRICT_PROTOTYPES = YES;
				CLANG_WARN_SUSPICIOUS_MOVE = YES;
				CLANG_WARN_UNGUARDED_AVAILABILITY = YES_AGGRESSIVE;
				CLANG_WARN_UNREACHABLE_CODE = YES;
				CLANG_WARN__DUPLICATE_METHOD_MATCH = YES;
				CODE_SIGN_IDENTITY = "iPhone Developer";
				COPY_PHASE_STRIP = NO;
				DEBUG_INFORMATION_FORMAT = dwarf;
				ENABLE_STRICT_OBJC_MSGSEND = YES;
				ENABLE_TESTABILITY = YES;
				GCC_C_LANGUAGE_STANDARD = gnu11;
				GCC_DYNAMIC_NO_PIC = NO;
				GCC_NO_COMMON_BLOCKS = YES;
				GCC_OPTIMIZATION_LEVEL = 0;
				GCC_PREPROCESSOR_DEFINITIONS = (
					"DEBUG=1",
					"$(inherited)",
				);
				GCC_WARN_64_TO_32_BIT_CONVERSION = YES;
				GCC_WARN_ABOUT_RETURN_TYPE = YES_ERROR;
				GCC_WARN_UNDECLARED_SELECTOR = YES;
				GCC_WARN_UNINITIALIZED_AUTOS = YES_AGGRESSIVE;
				GCC_WARN_UNUSED_FUNCTION = YES;
				GCC_WARN_UNUSED_VARIABLE = YES;
				IPHONEOS_DEPLOYMENT_TARGET = 12.2;
				MTL_ENABLE_DEBUG_INFO = INCLUDE_SOURCE;
				MTL_FAST_MATH = YES;
				ONLY_ACTIVE_ARCH = YES;
				SDKROOT = iphoneos;
				SWIFT_ACTIVE_COMPILATION_CONDITIONS = DEBUG;
				SWIFT_OPTIMIZATION_LEVEL = "-Onone";
			};
			name = Debug;
		};
		EFCE9A452294813600BAAA86 /* Release */ = {
			isa = XCBuildConfiguration;
			buildSettings = {
				ALWAYS_SEARCH_USER_PATHS = NO;
				CLANG_ANALYZER_NONNULL = YES;
				CLANG_ANALYZER_NUMBER_OBJECT_CONVERSION = YES_AGGRESSIVE;
				CLANG_CXX_LANGUAGE_STANDARD = "gnu++14";
				CLANG_CXX_LIBRARY = "libc++";
				CLANG_ENABLE_MODULES = YES;
				CLANG_ENABLE_OBJC_ARC = YES;
				CLANG_ENABLE_OBJC_WEAK = YES;
				CLANG_WARN_BLOCK_CAPTURE_AUTORELEASING = YES;
				CLANG_WARN_BOOL_CONVERSION = YES;
				CLANG_WARN_COMMA = YES;
				CLANG_WARN_CONSTANT_CONVERSION = YES;
				CLANG_WARN_DEPRECATED_OBJC_IMPLEMENTATIONS = YES;
				CLANG_WARN_DIRECT_OBJC_ISA_USAGE = YES_ERROR;
				CLANG_WARN_DOCUMENTATION_COMMENTS = YES;
				CLANG_WARN_EMPTY_BODY = YES;
				CLANG_WARN_ENUM_CONVERSION = YES;
				CLANG_WARN_INFINITE_RECURSION = YES;
				CLANG_WARN_INT_CONVERSION = YES;
				CLANG_WARN_NON_LITERAL_NULL_CONVERSION = YES;
				CLANG_WARN_OBJC_IMPLICIT_RETAIN_SELF = YES;
				CLANG_WARN_OBJC_LITERAL_CONVERSION = YES;
				CLANG_WARN_OBJC_ROOT_CLASS = YES_ERROR;
				CLANG_WARN_RANGE_LOOP_ANALYSIS = YES;
				CLANG_WARN_STRICT_PROTOTYPES = YES;
				CLANG_WARN_SUSPICIOUS_MOVE = YES;
				CLANG_WARN_UNGUARDED_AVAILABILITY = YES_AGGRESSIVE;
				CLANG_WARN_UNREACHABLE_CODE = YES;
				CLANG_WARN__DUPLICATE_METHOD_MATCH = YES;
				CODE_SIGN_IDENTITY = "iPhone Developer";
				COPY_PHASE_STRIP = NO;
				DEBUG_INFORMATION_FORMAT = "dwarf-with-dsym";
				ENABLE_NS_ASSERTIONS = NO;
				ENABLE_STRICT_OBJC_MSGSEND = YES;
				GCC_C_LANGUAGE_STANDARD = gnu11;
				GCC_NO_COMMON_BLOCKS = YES;
				GCC_WARN_64_TO_32_BIT_CONVERSION = YES;
				GCC_WARN_ABOUT_RETURN_TYPE = YES_ERROR;
				GCC_WARN_UNDECLARED_SELECTOR = YES;
				GCC_WARN_UNINITIALIZED_AUTOS = YES_AGGRESSIVE;
				GCC_WARN_UNUSED_FUNCTION = YES;
				GCC_WARN_UNUSED_VARIABLE = YES;
				IPHONEOS_DEPLOYMENT_TARGET = 12.2;
				MTL_ENABLE_DEBUG_INFO = NO;
				MTL_FAST_MATH = YES;
				SDKROOT = iphoneos;
				SWIFT_COMPILATION_MODE = wholemodule;
				SWIFT_OPTIMIZATION_LEVEL = "-O";
				VALIDATE_PRODUCT = YES;
			};
			name = Release;
		};
		EFCE9A472294813600BAAA86 /* Debug */ = {
			isa = XCBuildConfiguration;
			buildSettings = {
				ASSETCATALOG_COMPILER_APPICON_NAME = AppIcon;
				CODE_SIGN_STYLE = Automatic;
				DEVELOPMENT_TEAM = 7V775U4648;
				INFOPLIST_FILE = "Custom Control/Info.plist";
				LD_RUNPATH_SEARCH_PATHS = (
					"$(inherited)",
					"@executable_path/Frameworks",
				);
				PRODUCT_BUNDLE_IDENTIFIER = "com.haydenhastings.Custom-Control";
				PRODUCT_NAME = "$(TARGET_NAME)";
				SWIFT_VERSION = 5.0;
				TARGETED_DEVICE_FAMILY = "1,2";
			};
			name = Debug;
		};
		EFCE9A482294813600BAAA86 /* Release */ = {
			isa = XCBuildConfiguration;
			buildSettings = {
				ASSETCATALOG_COMPILER_APPICON_NAME = AppIcon;
				CODE_SIGN_STYLE = Automatic;
				DEVELOPMENT_TEAM = 7V775U4648;
				INFOPLIST_FILE = "Custom Control/Info.plist";
				LD_RUNPATH_SEARCH_PATHS = (
					"$(inherited)",
					"@executable_path/Frameworks",
				);
				PRODUCT_BUNDLE_IDENTIFIER = "com.haydenhastings.Custom-Control";
				PRODUCT_NAME = "$(TARGET_NAME)";
				SWIFT_VERSION = 5.0;
				TARGETED_DEVICE_FAMILY = "1,2";
			};
			name = Release;
		};
/* End XCBuildConfiguration section */

/* Begin XCConfigurationList section */
		EFCE9A2F2294813500BAAA86 /* Build configuration list for PBXProject "Custom Control" */ = {
			isa = XCConfigurationList;
			buildConfigurations = (
				EFCE9A442294813600BAAA86 /* Debug */,
				EFCE9A452294813600BAAA86 /* Release */,
			);
			defaultConfigurationIsVisible = 0;
			defaultConfigurationName = Release;
		};
		EFCE9A462294813600BAAA86 /* Build configuration list for PBXNativeTarget "Custom Control" */ = {
			isa = XCConfigurationList;
			buildConfigurations = (
				EFCE9A472294813600BAAA86 /* Debug */,
				EFCE9A482294813600BAAA86 /* Release */,
			);
			defaultConfigurationIsVisible = 0;
			defaultConfigurationName = Release;
		};
/* End XCConfigurationList section */
	};
	rootObject = EFCE9A2C2294813500BAAA86 /* Project object */;
}
