// !$*UTF8*$!
{
	archiveVersion = 1;
	classes = {
	};
	objectVersion = 50;
	objects = {

/* Begin PBXBuildFile section */
		E9F821762374B72E0023ABA3 /* AppDelegate.swift in Sources */ = {isa = PBXBuildFile; fileRef = E9F821752374B72E0023ABA3 /* AppDelegate.swift */; };
		E9F821782374B72E0023ABA3 /* SceneDelegate.swift in Sources */ = {isa = PBXBuildFile; fileRef = E9F821772374B72E0023ABA3 /* SceneDelegate.swift */; };
		E9F8217A2374B72E0023ABA3 /* ViewController.swift in Sources */ = {isa = PBXBuildFile; fileRef = E9F821792374B72E0023ABA3 /* ViewController.swift */; };
		E9F8217D2374B72E0023ABA3 /* Main.storyboard in Resources */ = {isa = PBXBuildFile; fileRef = E9F8217B2374B72E0023ABA3 /* Main.storyboard */; };
		E9F8217F2374B7300023ABA3 /* Assets.xcassets in Resources */ = {isa = PBXBuildFile; fileRef = E9F8217E2374B7300023ABA3 /* Assets.xcassets */; };
		E9F821822374B7300023ABA3 /* LaunchScreen.storyboard in Resources */ = {isa = PBXBuildFile; fileRef = E9F821802374B7300023ABA3 /* LaunchScreen.storyboard */; };
		E9F8218A2374B7630023ABA3 /* CustomControl.swift in Sources */ = {isa = PBXBuildFile; fileRef = E9F821892374B7630023ABA3 /* CustomControl.swift */; };
/* End PBXBuildFile section */

/* Begin PBXFileReference section */
		E9F821722374B72E0023ABA3 /* StarRater.app */ = {isa = PBXFileReference; explicitFileType = wrapper.application; includeInIndex = 0; path = StarRater.app; sourceTree = BUILT_PRODUCTS_DIR; };
		E9F821752374B72E0023ABA3 /* AppDelegate.swift */ = {isa = PBXFileReference; lastKnownFileType = sourcecode.swift; path = AppDelegate.swift; sourceTree = "<group>"; };
		E9F821772374B72E0023ABA3 /* SceneDelegate.swift */ = {isa = PBXFileReference; lastKnownFileType = sourcecode.swift; path = SceneDelegate.swift; sourceTree = "<group>"; };
		E9F821792374B72E0023ABA3 /* ViewController.swift */ = {isa = PBXFileReference; lastKnownFileType = sourcecode.swift; path = ViewController.swift; sourceTree = "<group>"; };
		E9F8217C2374B72E0023ABA3 /* Base */ = {isa = PBXFileReference; lastKnownFileType = file.storyboard; name = Base; path = Base.lproj/Main.storyboard; sourceTree = "<group>"; };
		E9F8217E2374B7300023ABA3 /* Assets.xcassets */ = {isa = PBXFileReference; lastKnownFileType = folder.assetcatalog; path = Assets.xcassets; sourceTree = "<group>"; };
		E9F821812374B7300023ABA3 /* Base */ = {isa = PBXFileReference; lastKnownFileType = file.storyboard; name = Base; path = Base.lproj/LaunchScreen.storyboard; sourceTree = "<group>"; };
		E9F821832374B7300023ABA3 /* Info.plist */ = {isa = PBXFileReference; lastKnownFileType = text.plist.xml; path = Info.plist; sourceTree = "<group>"; };
		E9F821892374B7630023ABA3 /* CustomControl.swift */ = {isa = PBXFileReference; lastKnownFileType = sourcecode.swift; path = CustomControl.swift; sourceTree = "<group>"; };
/* End PBXFileReference section */

/* Begin PBXFrameworksBuildPhase section */
		E9F8216F2374B72E0023ABA3 /* Frameworks */ = {
			isa = PBXFrameworksBuildPhase;
			buildActionMask = 2147483647;
			files = (
			);
			runOnlyForDeploymentPostprocessing = 0;
		};
/* End PBXFrameworksBuildPhase section */

/* Begin PBXGroup section */
		E9F821692374B72E0023ABA3 = {
			isa = PBXGroup;
			children = (
				E9F821742374B72E0023ABA3 /* StarRater */,
				E9F821732374B72E0023ABA3 /* Products */,
			);
			sourceTree = "<group>";
		};
		E9F821732374B72E0023ABA3 /* Products */ = {
			isa = PBXGroup;
			children = (
				E9F821722374B72E0023ABA3 /* StarRater.app */,
			);
			name = Products;
			sourceTree = "<group>";
		};
		E9F821742374B72E0023ABA3 /* StarRater */ = {
			isa = PBXGroup;
			children = (
				E9F821752374B72E0023ABA3 /* AppDelegate.swift */,
				E9F821772374B72E0023ABA3 /* SceneDelegate.swift */,
				E9F821792374B72E0023ABA3 /* ViewController.swift */,
				E9F8217B2374B72E0023ABA3 /* Main.storyboard */,
				E9F821892374B7630023ABA3 /* CustomControl.swift */,
				E9F8217E2374B7300023ABA3 /* Assets.xcassets */,
				E9F821802374B7300023ABA3 /* LaunchScreen.storyboard */,
				E9F821832374B7300023ABA3 /* Info.plist */,
			);
			path = StarRater;
			sourceTree = "<group>";
		};
/* End PBXGroup section */

/* Begin PBXNativeTarget section */
		E9F821712374B72E0023ABA3 /* StarRater */ = {
			isa = PBXNativeTarget;
			buildConfigurationList = E9F821862374B7300023ABA3 /* Build configuration list for PBXNativeTarget "StarRater" */;
			buildPhases = (
				E9F8216E2374B72E0023ABA3 /* Sources */,
				E9F8216F2374B72E0023ABA3 /* Frameworks */,
				E9F821702374B72E0023ABA3 /* Resources */,
			);
			buildRules = (
			);
			dependencies = (
			);
			name = StarRater;
			productName = StarRater;
			productReference = E9F821722374B72E0023ABA3 /* StarRater.app */;
			productType = "com.apple.product-type.application";
		};
/* End PBXNativeTarget section */

/* Begin PBXProject section */
		E9F8216A2374B72E0023ABA3 /* Project object */ = {
			isa = PBXProject;
			attributes = {
				LastSwiftUpdateCheck = 1120;
				LastUpgradeCheck = 1120;
				ORGANIZATIONNAME = "Lambda School";
				TargetAttributes = {
					E9F821712374B72E0023ABA3 = {
						CreatedOnToolsVersion = 11.2;
					};
				};
			};
			buildConfigurationList = E9F8216D2374B72E0023ABA3 /* Build configuration list for PBXProject "StarRater" */;
			compatibilityVersion = "Xcode 9.3";
			developmentRegion = en;
			hasScannedForEncodings = 0;
			knownRegions = (
				en,
				Base,
			);
			mainGroup = E9F821692374B72E0023ABA3;
			productRefGroup = E9F821732374B72E0023ABA3 /* Products */;
			projectDirPath = "";
			projectRoot = "";
			targets = (
				E9F821712374B72E0023ABA3 /* StarRater */,
			);
		};
/* End PBXProject section */

/* Begin PBXResourcesBuildPhase section */
		E9F821702374B72E0023ABA3 /* Resources */ = {
			isa = PBXResourcesBuildPhase;
			buildActionMask = 2147483647;
			files = (
				E9F821822374B7300023ABA3 /* LaunchScreen.storyboard in Resources */,
				E9F8217F2374B7300023ABA3 /* Assets.xcassets in Resources */,
				E9F8217D2374B72E0023ABA3 /* Main.storyboard in Resources */,
			);
			runOnlyForDeploymentPostprocessing = 0;
		};
/* End PBXResourcesBuildPhase section */

/* Begin PBXSourcesBuildPhase section */
		E9F8216E2374B72E0023ABA3 /* Sources */ = {
			isa = PBXSourcesBuildPhase;
			buildActionMask = 2147483647;
			files = (
				E9F8217A2374B72E0023ABA3 /* ViewController.swift in Sources */,
				E9F821762374B72E0023ABA3 /* AppDelegate.swift in Sources */,
				E9F8218A2374B7630023ABA3 /* CustomControl.swift in Sources */,
				E9F821782374B72E0023ABA3 /* SceneDelegate.swift in Sources */,
			);
			runOnlyForDeploymentPostprocessing = 0;
		};
/* End PBXSourcesBuildPhase section */

/* Begin PBXVariantGroup section */
		E9F8217B2374B72E0023ABA3 /* Main.storyboard */ = {
			isa = PBXVariantGroup;
			children = (
				E9F8217C2374B72E0023ABA3 /* Base */,
			);
			name = Main.storyboard;
			sourceTree = "<group>";
		};
		E9F821802374B7300023ABA3 /* LaunchScreen.storyboard */ = {
			isa = PBXVariantGroup;
			children = (
				E9F821812374B7300023ABA3 /* Base */,
			);
			name = LaunchScreen.storyboard;
			sourceTree = "<group>";
		};
/* End PBXVariantGroup section */

/* Begin XCBuildConfiguration section */
		E9F821842374B7300023ABA3 /* Debug */ = {
			isa = XCBuildConfiguration;
			buildSettings = {
				ALWAYS_SEARCH_USER_PATHS = NO;
				CLANG_ANALYZER_NONNULL = YES;
				CLANG_ANALYZER_NUMBER_OBJECT_CONVERSION = YES_AGGRESSIVE;
				CLANG_CXX_LANGUAGE_STANDARD = "gnu++14";
				CLANG_CXX_LIBRARY = "libc++";
				CLANG_ENABLE_MODULES = YES;
				CLANG_ENABLE_OBJC_ARC = YES;
				CLANG_ENABLE_OBJC_WEAK = YES;
				CLANG_WARN_BLOCK_CAPTURE_AUTORELEASING = YES;
				CLANG_WARN_BOOL_CONVERSION = YES;
				CLANG_WARN_COMMA = YES;
				CLANG_WARN_CONSTANT_CONVERSION = YES;
				CLANG_WARN_DEPRECATED_OBJC_IMPLEMENTATIONS = YES;
				CLANG_WARN_DIRECT_OBJC_ISA_USAGE = YES_ERROR;
				CLANG_WARN_DOCUMENTATION_COMMENTS = YES;
				CLANG_WARN_EMPTY_BODY = YES;
				CLANG_WARN_ENUM_CONVERSION = YES;
				CLANG_WARN_INFINITE_RECURSION = YES;
				CLANG_WARN_INT_CONVERSION = YES;
				CLANG_WARN_NON_LITERAL_NULL_CONVERSION = YES;
				CLANG_WARN_OBJC_IMPLICIT_RETAIN_SELF = YES;
				CLANG_WARN_OBJC_LITERAL_CONVERSION = YES;
				CLANG_WARN_OBJC_ROOT_CLASS = YES_ERROR;
				CLANG_WARN_RANGE_LOOP_ANALYSIS = YES;
				CLANG_WARN_STRICT_PROTOTYPES = YES;
				CLANG_WARN_SUSPICIOUS_MOVE = YES;
				CLANG_WARN_UNGUARDED_AVAILABILITY = YES_AGGRESSIVE;
				CLANG_WARN_UNREACHABLE_CODE = YES;
				CLANG_WARN__DUPLICATE_METHOD_MATCH = YES;
				COPY_PHASE_STRIP = NO;
				DEBUG_INFORMATION_FORMAT = dwarf;
				ENABLE_STRICT_OBJC_MSGSEND = YES;
				ENABLE_TESTABILITY = YES;
				GCC_C_LANGUAGE_STANDARD = gnu11;
				GCC_DYNAMIC_NO_PIC = NO;
				GCC_NO_COMMON_BLOCKS = YES;
				GCC_OPTIMIZATION_LEVEL = 0;
				GCC_PREPROCESSOR_DEFINITIONS = (
					"DEBUG=1",
					"$(inherited)",
				);
				GCC_WARN_64_TO_32_BIT_CONVERSION = YES;
				GCC_WARN_ABOUT_RETURN_TYPE = YES_ERROR;
				GCC_WARN_UNDECLARED_SELECTOR = YES;
				GCC_WARN_UNINITIALIZED_AUTOS = YES_AGGRESSIVE;
				GCC_WARN_UNUSED_FUNCTION = YES;
				GCC_WARN_UNUSED_VARIABLE = YES;
				IPHONEOS_DEPLOYMENT_TARGET = 13.2;
				MTL_ENABLE_DEBUG_INFO = INCLUDE_SOURCE;
				MTL_FAST_MATH = YES;
				ONLY_ACTIVE_ARCH = YES;
				SDKROOT = iphoneos;
				SWIFT_ACTIVE_COMPILATION_CONDITIONS = DEBUG;
				SWIFT_OPTIMIZATION_LEVEL = "-Onone";
			};
			name = Debug;
		};
		E9F821852374B7300023ABA3 /* Release */ = {
			isa = XCBuildConfiguration;
			buildSettings = {
				ALWAYS_SEARCH_USER_PATHS = NO;
				CLANG_ANALYZER_NONNULL = YES;
				CLANG_ANALYZER_NUMBER_OBJECT_CONVERSION = YES_AGGRESSIVE;
				CLANG_CXX_LANGUAGE_STANDARD = "gnu++14";
				CLANG_CXX_LIBRARY = "libc++";
				CLANG_ENABLE_MODULES = YES;
				CLANG_ENABLE_OBJC_ARC = YES;
				CLANG_ENABLE_OBJC_WEAK = YES;
				CLANG_WARN_BLOCK_CAPTURE_AUTORELEASING = YES;
				CLANG_WARN_BOOL_CONVERSION = YES;
				CLANG_WARN_COMMA = YES;
				CLANG_WARN_CONSTANT_CONVERSION = YES;
				CLANG_WARN_DEPRECATED_OBJC_IMPLEMENTATIONS = YES;
				CLANG_WARN_DIRECT_OBJC_ISA_USAGE = YES_ERROR;
				CLANG_WARN_DOCUMENTATION_COMMENTS = YES;
				CLANG_WARN_EMPTY_BODY = YES;
				CLANG_WARN_ENUM_CONVERSION = YES;
				CLANG_WARN_INFINITE_RECURSION = YES;
				CLANG_WARN_INT_CONVERSION = YES;
				CLANG_WARN_NON_LITERAL_NULL_CONVERSION = YES;
				CLANG_WARN_OBJC_IMPLICIT_RETAIN_SELF = YES;
				CLANG_WARN_OBJC_LITERAL_CONVERSION = YES;
				CLANG_WARN_OBJC_ROOT_CLASS = YES_ERROR;
				CLANG_WARN_RANGE_LOOP_ANALYSIS = YES;
				CLANG_WARN_STRICT_PROTOTYPES = YES;
				CLANG_WARN_SUSPICIOUS_MOVE = YES;
				CLANG_WARN_UNGUARDED_AVAILABILITY = YES_AGGRESSIVE;
				CLANG_WARN_UNREACHABLE_CODE = YES;
				CLANG_WARN__DUPLICATE_METHOD_MATCH = YES;
				COPY_PHASE_STRIP = NO;
				DEBUG_INFORMATION_FORMAT = "dwarf-with-dsym";
				ENABLE_NS_ASSERTIONS = NO;
				ENABLE_STRICT_OBJC_MSGSEND = YES;
				GCC_C_LANGUAGE_STANDARD = gnu11;
				GCC_NO_COMMON_BLOCKS = YES;
				GCC_WARN_64_TO_32_BIT_CONVERSION = YES;
				GCC_WARN_ABOUT_RETURN_TYPE = YES_ERROR;
				GCC_WARN_UNDECLARED_SELECTOR = YES;
				GCC_WARN_UNINITIALIZED_AUTOS = YES_AGGRESSIVE;
				GCC_WARN_UNUSED_FUNCTION = YES;
				GCC_WARN_UNUSED_VARIABLE = YES;
				IPHONEOS_DEPLOYMENT_TARGET = 13.2;
				MTL_ENABLE_DEBUG_INFO = NO;
				MTL_FAST_MATH = YES;
				SDKROOT = iphoneos;
				SWIFT_COMPILATION_MODE = wholemodule;
				SWIFT_OPTIMIZATION_LEVEL = "-O";
				VALIDATE_PRODUCT = YES;
			};
			name = Release;
		};
		E9F821872374B7300023ABA3 /* Debug */ = {
			isa = XCBuildConfiguration;
			buildSettings = {
				ASSETCATALOG_COMPILER_APPICON_NAME = AppIcon;
				CODE_SIGN_STYLE = Automatic;
				INFOPLIST_FILE = StarRater/Info.plist;
				LD_RUNPATH_SEARCH_PATHS = (
					"$(inherited)",
					"@executable_path/Frameworks",
				);
				PRODUCT_BUNDLE_IDENTIFIER = com.lambdaschool.StarRater;
				PRODUCT_NAME = "$(TARGET_NAME)";
				SWIFT_VERSION = 5.0;
				TARGETED_DEVICE_FAMILY = "1,2";
			};
			name = Debug;
		};
		E9F821882374B7300023ABA3 /* Release */ = {
			isa = XCBuildConfiguration;
			buildSettings = {
				ASSETCATALOG_COMPILER_APPICON_NAME = AppIcon;
				CODE_SIGN_STYLE = Automatic;
				INFOPLIST_FILE = StarRater/Info.plist;
				LD_RUNPATH_SEARCH_PATHS = (
					"$(inherited)",
					"@executable_path/Frameworks",
				);
				PRODUCT_BUNDLE_IDENTIFIER = com.lambdaschool.StarRater;
				PRODUCT_NAME = "$(TARGET_NAME)";
				SWIFT_VERSION = 5.0;
				TARGETED_DEVICE_FAMILY = "1,2";
			};
			name = Release;
		};
/* End XCBuildConfiguration section */

/* Begin XCConfigurationList section */
		E9F8216D2374B72E0023ABA3 /* Build configuration list for PBXProject "StarRater" */ = {
			isa = XCConfigurationList;
			buildConfigurations = (
				E9F821842374B7300023ABA3 /* Debug */,
				E9F821852374B7300023ABA3 /* Release */,
			);
			defaultConfigurationIsVisible = 0;
			defaultConfigurationName = Release;
		};
		E9F821862374B7300023ABA3 /* Build configuration list for PBXNativeTarget "StarRater" */ = {
			isa = XCConfigurationList;
			buildConfigurations = (
				E9F821872374B7300023ABA3 /* Debug */,
				E9F821882374B7300023ABA3 /* Release */,
			);
			defaultConfigurationIsVisible = 0;
			defaultConfigurationName = Release;
		};
/* End XCConfigurationList section */
	};
	rootObject = E9F8216A2374B72E0023ABA3 /* Project object */;
}
