// !$*UTF8*$!
{
	archiveVersion = 1;
	classes = {
	};
	objectVersion = 50;
	objects = {

/* Begin PBXBuildFile section */
		1FA3133C2451132600FCA774 /* AppDelegate.swift in Sources */ = {isa = PBXBuildFile; fileRef = 1FA3133B2451132600FCA774 /* AppDelegate.swift */; };
		1FA3133E2451132600FCA774 /* SceneDelegate.swift in Sources */ = {isa = PBXBuildFile; fileRef = 1FA3133D2451132600FCA774 /* SceneDelegate.swift */; };
		1FA313432451132600FCA774 /* Main.storyboard in Resources */ = {isa = PBXBuildFile; fileRef = 1FA313412451132600FCA774 /* Main.storyboard */; };
		1FA313452451132A00FCA774 /* Assets.xcassets in Resources */ = {isa = PBXBuildFile; fileRef = 1FA313442451132A00FCA774 /* Assets.xcassets */; };
		1FA313482451132A00FCA774 /* LaunchScreen.storyboard in Resources */ = {isa = PBXBuildFile; fileRef = 1FA313462451132A00FCA774 /* LaunchScreen.storyboard */; };
		1FA313572452598800FCA774 /* CustomControl.swift in Sources */ = {isa = PBXBuildFile; fileRef = 1FA313562452598800FCA774 /* CustomControl.swift */; };
		1FA3135924525E1D00FCA774 /* ViewController.swift in Sources */ = {isa = PBXBuildFile; fileRef = 1FA3135824525E1D00FCA774 /* ViewController.swift */; };
/* End PBXBuildFile section */

/* Begin PBXFileReference section */
		1FA313382451132600FCA774 /* UIControl.app */ = {isa = PBXFileReference; explicitFileType = wrapper.application; includeInIndex = 0; path = UIControl.app; sourceTree = BUILT_PRODUCTS_DIR; };
		1FA3133B2451132600FCA774 /* AppDelegate.swift */ = {isa = PBXFileReference; lastKnownFileType = sourcecode.swift; path = AppDelegate.swift; sourceTree = "<group>"; };
		1FA3133D2451132600FCA774 /* SceneDelegate.swift */ = {isa = PBXFileReference; lastKnownFileType = sourcecode.swift; path = SceneDelegate.swift; sourceTree = "<group>"; };
		1FA313422451132600FCA774 /* Base */ = {isa = PBXFileReference; lastKnownFileType = file.storyboard; name = Base; path = Base.lproj/Main.storyboard; sourceTree = "<group>"; };
		1FA313442451132A00FCA774 /* Assets.xcassets */ = {isa = PBXFileReference; lastKnownFileType = folder.assetcatalog; path = Assets.xcassets; sourceTree = "<group>"; };
		1FA313472451132A00FCA774 /* Base */ = {isa = PBXFileReference; lastKnownFileType = file.storyboard; name = Base; path = Base.lproj/LaunchScreen.storyboard; sourceTree = "<group>"; };
		1FA313492451132A00FCA774 /* Info.plist */ = {isa = PBXFileReference; lastKnownFileType = text.plist.xml; path = Info.plist; sourceTree = "<group>"; };
		1FA313562452598800FCA774 /* CustomControl.swift */ = {isa = PBXFileReference; lastKnownFileType = sourcecode.swift; path = CustomControl.swift; sourceTree = "<group>"; };
		1FA3135824525E1D00FCA774 /* ViewController.swift */ = {isa = PBXFileReference; lastKnownFileType = sourcecode.swift; path = ViewController.swift; sourceTree = "<group>"; };
/* End PBXFileReference section */

/* Begin PBXFrameworksBuildPhase section */
		1FA313352451132600FCA774 /* Frameworks */ = {
			isa = PBXFrameworksBuildPhase;
			buildActionMask = 2147483647;
			files = (
			);
			runOnlyForDeploymentPostprocessing = 0;
		};
/* End PBXFrameworksBuildPhase section */

/* Begin PBXGroup section */
		1FA3132F2451132600FCA774 = {
			isa = PBXGroup;
			children = (
				1FA3133A2451132600FCA774 /* UIControl */,
				1FA313392451132600FCA774 /* Products */,
			);
			sourceTree = "<group>";
		};
		1FA313392451132600FCA774 /* Products */ = {
			isa = PBXGroup;
			children = (
				1FA313382451132600FCA774 /* UIControl.app */,
			);
			name = Products;
			sourceTree = "<group>";
		};
		1FA3133A2451132600FCA774 /* UIControl */ = {
			isa = PBXGroup;
			children = (
				1FA31355245258AF00FCA774 /* View Controllers */,
				1FA31354245258A400FCA774 /* Model */,
				1FA313532452589B00FCA774 /* Views */,
				1FA313522452588F00FCA774 /* Model Controller */,
				1FA313512452588300FCA774 /* Helpers */,
				1FA3134F2452585B00FCA774 /* Resources */,
				1FA313502452586B00FCA774 /* Storyboards */,
				1FA313492451132A00FCA774 /* Info.plist */,
			);
			path = UIControl;
			sourceTree = "<group>";
		};
		1FA3134F2452585B00FCA774 /* Resources */ = {
			isa = PBXGroup;
			children = (
				1FA3133D2451132600FCA774 /* SceneDelegate.swift */,
				1FA3133B2451132600FCA774 /* AppDelegate.swift */,
				1FA313442451132A00FCA774 /* Assets.xcassets */,
			);
			path = Resources;
			sourceTree = "<group>";
		};
		1FA313502452586B00FCA774 /* Storyboards */ = {
			isa = PBXGroup;
			children = (
				1FA313412451132600FCA774 /* Main.storyboard */,
				1FA313462451132A00FCA774 /* LaunchScreen.storyboard */,
			);
			path = Storyboards;
			sourceTree = "<group>";
		};
		1FA313512452588300FCA774 /* Helpers */ = {
			isa = PBXGroup;
			children = (
			);
			path = Helpers;
			sourceTree = "<group>";
		};
		1FA313522452588F00FCA774 /* Model Controller */ = {
			isa = PBXGroup;
			children = (
			);
			path = "Model Controller";
			sourceTree = "<group>";
		};
		1FA313532452589B00FCA774 /* Views */ = {
			isa = PBXGroup;
			children = (
			);
			path = Views;
			sourceTree = "<group>";
		};
		1FA31354245258A400FCA774 /* Model */ = {
			isa = PBXGroup;
			children = (
				1FA313562452598800FCA774 /* CustomControl.swift */,
			);
			path = Model;
			sourceTree = "<group>";
		};
		1FA31355245258AF00FCA774 /* View Controllers */ = {
			isa = PBXGroup;
			children = (
				1FA3135824525E1D00FCA774 /* ViewController.swift */,
			);
			path = "View Controllers";
			sourceTree = "<group>";
		};
/* End PBXGroup section */

/* Begin PBXNativeTarget section */
		1FA313372451132600FCA774 /* UIControl */ = {
			isa = PBXNativeTarget;
			buildConfigurationList = 1FA3134C2451132A00FCA774 /* Build configuration list for PBXNativeTarget "UIControl" */;
			buildPhases = (
				1FA313342451132600FCA774 /* Sources */,
				1FA313352451132600FCA774 /* Frameworks */,
				1FA313362451132600FCA774 /* Resources */,
			);
			buildRules = (
			);
			dependencies = (
			);
			name = UIControl;
			productName = UIControl;
			productReference = 1FA313382451132600FCA774 /* UIControl.app */;
			productType = "com.apple.product-type.application";
		};
/* End PBXNativeTarget section */

/* Begin PBXProject section */
		1FA313302451132600FCA774 /* Project object */ = {
			isa = PBXProject;
			attributes = {
				LastSwiftUpdateCheck = 1140;
				LastUpgradeCheck = 1140;
				ORGANIZATIONNAME = Young;
				TargetAttributes = {
					1FA313372451132600FCA774 = {
						CreatedOnToolsVersion = 11.4.1;
					};
				};
			};
			buildConfigurationList = 1FA313332451132600FCA774 /* Build configuration list for PBXProject "UIControl" */;
			compatibilityVersion = "Xcode 9.3";
			developmentRegion = en;
			hasScannedForEncodings = 0;
			knownRegions = (
				en,
				Base,
			);
			mainGroup = 1FA3132F2451132600FCA774;
			productRefGroup = 1FA313392451132600FCA774 /* Products */;
			projectDirPath = "";
			projectRoot = "";
			targets = (
				1FA313372451132600FCA774 /* UIControl */,
			);
		};
/* End PBXProject section */

/* Begin PBXResourcesBuildPhase section */
		1FA313362451132600FCA774 /* Resources */ = {
			isa = PBXResourcesBuildPhase;
			buildActionMask = 2147483647;
			files = (
				1FA313482451132A00FCA774 /* LaunchScreen.storyboard in Resources */,
				1FA313452451132A00FCA774 /* Assets.xcassets in Resources */,
				1FA313432451132600FCA774 /* Main.storyboard in Resources */,
			);
			runOnlyForDeploymentPostprocessing = 0;
		};
/* End PBXResourcesBuildPhase section */

/* Begin PBXSourcesBuildPhase section */
		1FA313342451132600FCA774 /* Sources */ = {
			isa = PBXSourcesBuildPhase;
			buildActionMask = 2147483647;
			files = (
				1FA3133C2451132600FCA774 /* AppDelegate.swift in Sources */,
				1FA313572452598800FCA774 /* CustomControl.swift in Sources */,
				1FA3135924525E1D00FCA774 /* ViewController.swift in Sources */,
				1FA3133E2451132600FCA774 /* SceneDelegate.swift in Sources */,
			);
			runOnlyForDeploymentPostprocessing = 0;
		};
/* End PBXSourcesBuildPhase section */

/* Begin PBXVariantGroup section */
		1FA313412451132600FCA774 /* Main.storyboard */ = {
			isa = PBXVariantGroup;
			children = (
				1FA313422451132600FCA774 /* Base */,
			);
			name = Main.storyboard;
			sourceTree = "<group>";
		};
		1FA313462451132A00FCA774 /* LaunchScreen.storyboard */ = {
			isa = PBXVariantGroup;
			children = (
				1FA313472451132A00FCA774 /* Base */,
			);
			name = LaunchScreen.storyboard;
			sourceTree = "<group>";
		};
/* End PBXVariantGroup section */

/* Begin XCBuildConfiguration section */
		1FA3134A2451132A00FCA774 /* Debug */ = {
			isa = XCBuildConfiguration;
			buildSettings = {
				ALWAYS_SEARCH_USER_PATHS = NO;
				CLANG_ANALYZER_NONNULL = YES;
				CLANG_ANALYZER_NUMBER_OBJECT_CONVERSION = YES_AGGRESSIVE;
				CLANG_CXX_LANGUAGE_STANDARD = "gnu++14";
				CLANG_CXX_LIBRARY = "libc++";
				CLANG_ENABLE_MODULES = YES;
				CLANG_ENABLE_OBJC_ARC = YES;
				CLANG_ENABLE_OBJC_WEAK = YES;
				CLANG_WARN_BLOCK_CAPTURE_AUTORELEASING = YES;
				CLANG_WARN_BOOL_CONVERSION = YES;
				CLANG_WARN_COMMA = YES;
				CLANG_WARN_CONSTANT_CONVERSION = YES;
				CLANG_WARN_DEPRECATED_OBJC_IMPLEMENTATIONS = YES;
				CLANG_WARN_DIRECT_OBJC_ISA_USAGE = YES_ERROR;
				CLANG_WARN_DOCUMENTATION_COMMENTS = YES;
				CLANG_WARN_EMPTY_BODY = YES;
				CLANG_WARN_ENUM_CONVERSION = YES;
				CLANG_WARN_INFINITE_RECURSION = YES;
				CLANG_WARN_INT_CONVERSION = YES;
				CLANG_WARN_NON_LITERAL_NULL_CONVERSION = YES;
				CLANG_WARN_OBJC_IMPLICIT_RETAIN_SELF = YES;
				CLANG_WARN_OBJC_LITERAL_CONVERSION = YES;
				CLANG_WARN_OBJC_ROOT_CLASS = YES_ERROR;
				CLANG_WARN_RANGE_LOOP_ANALYSIS = YES;
				CLANG_WARN_STRICT_PROTOTYPES = YES;
				CLANG_WARN_SUSPICIOUS_MOVE = YES;
				CLANG_WARN_UNGUARDED_AVAILABILITY = YES_AGGRESSIVE;
				CLANG_WARN_UNREACHABLE_CODE = YES;
				CLANG_WARN__DUPLICATE_METHOD_MATCH = YES;
				COPY_PHASE_STRIP = NO;
				DEBUG_INFORMATION_FORMAT = dwarf;
				ENABLE_STRICT_OBJC_MSGSEND = YES;
				ENABLE_TESTABILITY = YES;
				GCC_C_LANGUAGE_STANDARD = gnu11;
				GCC_DYNAMIC_NO_PIC = NO;
				GCC_NO_COMMON_BLOCKS = YES;
				GCC_OPTIMIZATION_LEVEL = 0;
				GCC_PREPROCESSOR_DEFINITIONS = (
					"DEBUG=1",
					"$(inherited)",
				);
				GCC_WARN_64_TO_32_BIT_CONVERSION = YES;
				GCC_WARN_ABOUT_RETURN_TYPE = YES_ERROR;
				GCC_WARN_UNDECLARED_SELECTOR = YES;
				GCC_WARN_UNINITIALIZED_AUTOS = YES_AGGRESSIVE;
				GCC_WARN_UNUSED_FUNCTION = YES;
				GCC_WARN_UNUSED_VARIABLE = YES;
				IPHONEOS_DEPLOYMENT_TARGET = 13.4;
				MTL_ENABLE_DEBUG_INFO = INCLUDE_SOURCE;
				MTL_FAST_MATH = YES;
				ONLY_ACTIVE_ARCH = YES;
				SDKROOT = iphoneos;
				SWIFT_ACTIVE_COMPILATION_CONDITIONS = DEBUG;
				SWIFT_OPTIMIZATION_LEVEL = "-Onone";
			};
			name = Debug;
		};
		1FA3134B2451132A00FCA774 /* Release */ = {
			isa = XCBuildConfiguration;
			buildSettings = {
				ALWAYS_SEARCH_USER_PATHS = NO;
				CLANG_ANALYZER_NONNULL = YES;
				CLANG_ANALYZER_NUMBER_OBJECT_CONVERSION = YES_AGGRESSIVE;
				CLANG_CXX_LANGUAGE_STANDARD = "gnu++14";
				CLANG_CXX_LIBRARY = "libc++";
				CLANG_ENABLE_MODULES = YES;
				CLANG_ENABLE_OBJC_ARC = YES;
				CLANG_ENABLE_OBJC_WEAK = YES;
				CLANG_WARN_BLOCK_CAPTURE_AUTORELEASING = YES;
				CLANG_WARN_BOOL_CONVERSION = YES;
				CLANG_WARN_COMMA = YES;
				CLANG_WARN_CONSTANT_CONVERSION = YES;
				CLANG_WARN_DEPRECATED_OBJC_IMPLEMENTATIONS = YES;
				CLANG_WARN_DIRECT_OBJC_ISA_USAGE = YES_ERROR;
				CLANG_WARN_DOCUMENTATION_COMMENTS = YES;
				CLANG_WARN_EMPTY_BODY = YES;
				CLANG_WARN_ENUM_CONVERSION = YES;
				CLANG_WARN_INFINITE_RECURSION = YES;
				CLANG_WARN_INT_CONVERSION = YES;
				CLANG_WARN_NON_LITERAL_NULL_CONVERSION = YES;
				CLANG_WARN_OBJC_IMPLICIT_RETAIN_SELF = YES;
				CLANG_WARN_OBJC_LITERAL_CONVERSION = YES;
				CLANG_WARN_OBJC_ROOT_CLASS = YES_ERROR;
				CLANG_WARN_RANGE_LOOP_ANALYSIS = YES;
				CLANG_WARN_STRICT_PROTOTYPES = YES;
				CLANG_WARN_SUSPICIOUS_MOVE = YES;
				CLANG_WARN_UNGUARDED_AVAILABILITY = YES_AGGRESSIVE;
				CLANG_WARN_UNREACHABLE_CODE = YES;
				CLANG_WARN__DUPLICATE_METHOD_MATCH = YES;
				COPY_PHASE_STRIP = NO;
				DEBUG_INFORMATION_FORMAT = "dwarf-with-dsym";
				ENABLE_NS_ASSERTIONS = NO;
				ENABLE_STRICT_OBJC_MSGSEND = YES;
				GCC_C_LANGUAGE_STANDARD = gnu11;
				GCC_NO_COMMON_BLOCKS = YES;
				GCC_WARN_64_TO_32_BIT_CONVERSION = YES;
				GCC_WARN_ABOUT_RETURN_TYPE = YES_ERROR;
				GCC_WARN_UNDECLARED_SELECTOR = YES;
				GCC_WARN_UNINITIALIZED_AUTOS = YES_AGGRESSIVE;
				GCC_WARN_UNUSED_FUNCTION = YES;
				GCC_WARN_UNUSED_VARIABLE = YES;
				IPHONEOS_DEPLOYMENT_TARGET = 13.4;
				MTL_ENABLE_DEBUG_INFO = NO;
				MTL_FAST_MATH = YES;
				SDKROOT = iphoneos;
				SWIFT_COMPILATION_MODE = wholemodule;
				SWIFT_OPTIMIZATION_LEVEL = "-O";
				VALIDATE_PRODUCT = YES;
			};
			name = Release;
		};
		1FA3134D2451132A00FCA774 /* Debug */ = {
			isa = XCBuildConfiguration;
			buildSettings = {
				ASSETCATALOG_COMPILER_APPICON_NAME = AppIcon;
				CODE_SIGN_STYLE = Automatic;
				INFOPLIST_FILE = UIControl/Info.plist;
				LD_RUNPATH_SEARCH_PATHS = (
					"$(inherited)",
					"@executable_path/Frameworks",
				);
				PRODUCT_BUNDLE_IDENTIFIER = Young.UIControl;
				PRODUCT_NAME = "$(TARGET_NAME)";
				SWIFT_VERSION = 5.0;
				TARGETED_DEVICE_FAMILY = "1,2";
			};
			name = Debug;
		};
		1FA3134E2451132A00FCA774 /* Release */ = {
			isa = XCBuildConfiguration;
			buildSettings = {
				ASSETCATALOG_COMPILER_APPICON_NAME = AppIcon;
				CODE_SIGN_STYLE = Automatic;
				INFOPLIST_FILE = UIControl/Info.plist;
				LD_RUNPATH_SEARCH_PATHS = (
					"$(inherited)",
					"@executable_path/Frameworks",
				);
				PRODUCT_BUNDLE_IDENTIFIER = Young.UIControl;
				PRODUCT_NAME = "$(TARGET_NAME)";
				SWIFT_VERSION = 5.0;
				TARGETED_DEVICE_FAMILY = "1,2";
			};
			name = Release;
		};
/* End XCBuildConfiguration section */

/* Begin XCConfigurationList section */
		1FA313332451132600FCA774 /* Build configuration list for PBXProject "UIControl" */ = {
			isa = XCConfigurationList;
			buildConfigurations = (
				1FA3134A2451132A00FCA774 /* Debug */,
				1FA3134B2451132A00FCA774 /* Release */,
			);
			defaultConfigurationIsVisible = 0;
			defaultConfigurationName = Release;
		};
		1FA3134C2451132A00FCA774 /* Build configuration list for PBXNativeTarget "UIControl" */ = {
			isa = XCConfigurationList;
			buildConfigurations = (
				1FA3134D2451132A00FCA774 /* Debug */,
				1FA3134E2451132A00FCA774 /* Release */,
			);
			defaultConfigurationIsVisible = 0;
			defaultConfigurationName = Release;
		};
/* End XCConfigurationList section */
	};
	rootObject = 1FA313302451132600FCA774 /* Project object */;
}
