// !$*UTF8*$!
{
	archiveVersion = 1;
	classes = {
	};
	objectVersion = 50;
	objects = {

/* Begin PBXBuildFile section */
		68DEAF672448E3760023112A /* AppDelegate.swift in Sources */ = {isa = PBXBuildFile; fileRef = 68DEAF662448E3760023112A /* AppDelegate.swift */; };
		68DEAF692448E3760023112A /* SceneDelegate.swift in Sources */ = {isa = PBXBuildFile; fileRef = 68DEAF682448E3760023112A /* SceneDelegate.swift */; };
		68DEAF6B2448E3760023112A /* ViewController.swift in Sources */ = {isa = PBXBuildFile; fileRef = 68DEAF6A2448E3760023112A /* ViewController.swift */; };
		68DEAF6E2448E3760023112A /* Main.storyboard in Resources */ = {isa = PBXBuildFile; fileRef = 68DEAF6C2448E3760023112A /* Main.storyboard */; };
		68DEAF702448E37B0023112A /* Assets.xcassets in Resources */ = {isa = PBXBuildFile; fileRef = 68DEAF6F2448E37B0023112A /* Assets.xcassets */; };
		68DEAF732448E37B0023112A /* LaunchScreen.storyboard in Resources */ = {isa = PBXBuildFile; fileRef = 68DEAF712448E37B0023112A /* LaunchScreen.storyboard */; };
		68DEAF812448E4DB0023112A /* CustomControl.swift in Sources */ = {isa = PBXBuildFile; fileRef = 68DEAF802448E4DB0023112A /* CustomControl.swift */; };
/* End PBXBuildFile section */

/* Begin PBXFileReference section */
		68DEAF632448E3760023112A /* UIControl.app */ = {isa = PBXFileReference; explicitFileType = wrapper.application; includeInIndex = 0; path = UIControl.app; sourceTree = BUILT_PRODUCTS_DIR; };
		68DEAF662448E3760023112A /* AppDelegate.swift */ = {isa = PBXFileReference; lastKnownFileType = sourcecode.swift; path = AppDelegate.swift; sourceTree = "<group>"; };
		68DEAF682448E3760023112A /* SceneDelegate.swift */ = {isa = PBXFileReference; lastKnownFileType = sourcecode.swift; path = SceneDelegate.swift; sourceTree = "<group>"; };
		68DEAF6A2448E3760023112A /* ViewController.swift */ = {isa = PBXFileReference; lastKnownFileType = sourcecode.swift; path = ViewController.swift; sourceTree = "<group>"; };
		68DEAF6D2448E3760023112A /* Base */ = {isa = PBXFileReference; lastKnownFileType = file.storyboard; name = Base; path = Base.lproj/Main.storyboard; sourceTree = "<group>"; };
		68DEAF6F2448E37B0023112A /* Assets.xcassets */ = {isa = PBXFileReference; lastKnownFileType = folder.assetcatalog; path = Assets.xcassets; sourceTree = "<group>"; };
		68DEAF722448E37B0023112A /* Base */ = {isa = PBXFileReference; lastKnownFileType = file.storyboard; name = Base; path = Base.lproj/LaunchScreen.storyboard; sourceTree = "<group>"; };
		68DEAF742448E37B0023112A /* Info.plist */ = {isa = PBXFileReference; lastKnownFileType = text.plist.xml; path = Info.plist; sourceTree = "<group>"; };
		68DEAF802448E4DB0023112A /* CustomControl.swift */ = {isa = PBXFileReference; lastKnownFileType = sourcecode.swift; path = CustomControl.swift; sourceTree = "<group>"; };
/* End PBXFileReference section */

/* Begin PBXFrameworksBuildPhase section */
		68DEAF602448E3760023112A /* Frameworks */ = {
			isa = PBXFrameworksBuildPhase;
			buildActionMask = 2147483647;
			files = (
			);
			runOnlyForDeploymentPostprocessing = 0;
		};
/* End PBXFrameworksBuildPhase section */

/* Begin PBXGroup section */
		68DEAF5A2448E3760023112A = {
			isa = PBXGroup;
			children = (
				68DEAF652448E3760023112A /* UIControl */,
				68DEAF642448E3760023112A /* Products */,
			);
			sourceTree = "<group>";
		};
		68DEAF642448E3760023112A /* Products */ = {
			isa = PBXGroup;
			children = (
				68DEAF632448E3760023112A /* UIControl.app */,
			);
			name = Products;
			sourceTree = "<group>";
		};
		68DEAF652448E3760023112A /* UIControl */ = {
			isa = PBXGroup;
			children = (
				68DEAF7F2448E4B70023112A /* Storyboards */,
				68DEAF7D2448E3C30023112A /* Views */,
				68DEAF7C2448E3B30023112A /* ViewControllers */,
				68DEAF7A2448E39B0023112A /* Resources */,
				68DEAF742448E37B0023112A /* Info.plist */,
			);
			path = UIControl;
			sourceTree = "<group>";
		};
		68DEAF7A2448E39B0023112A /* Resources */ = {
			isa = PBXGroup;
			children = (
				68DEAF662448E3760023112A /* AppDelegate.swift */,
				68DEAF682448E3760023112A /* SceneDelegate.swift */,
				68DEAF6F2448E37B0023112A /* Assets.xcassets */,
			);
			path = Resources;
			sourceTree = "<group>";
		};
		68DEAF7C2448E3B30023112A /* ViewControllers */ = {
			isa = PBXGroup;
			children = (
				68DEAF6A2448E3760023112A /* ViewController.swift */,
			);
			path = ViewControllers;
			sourceTree = "<group>";
		};
		68DEAF7D2448E3C30023112A /* Views */ = {
			isa = PBXGroup;
			children = (
				68DEAF802448E4DB0023112A /* CustomControl.swift */,
			);
			path = Views;
			sourceTree = "<group>";
		};
		68DEAF7F2448E4B70023112A /* Storyboards */ = {
			isa = PBXGroup;
			children = (
				68DEAF6C2448E3760023112A /* Main.storyboard */,
				68DEAF712448E37B0023112A /* LaunchScreen.storyboard */,
			);
			path = Storyboards;
			sourceTree = "<group>";
		};
/* End PBXGroup section */

/* Begin PBXNativeTarget section */
		68DEAF622448E3760023112A /* UIControl */ = {
			isa = PBXNativeTarget;
			buildConfigurationList = 68DEAF772448E37B0023112A /* Build configuration list for PBXNativeTarget "UIControl" */;
			buildPhases = (
				68DEAF5F2448E3760023112A /* Sources */,
				68DEAF602448E3760023112A /* Frameworks */,
				68DEAF612448E3760023112A /* Resources */,
			);
			buildRules = (
			);
			dependencies = (
			);
			name = UIControl;
			productName = UIControl;
			productReference = 68DEAF632448E3760023112A /* UIControl.app */;
			productType = "com.apple.product-type.application";
		};
/* End PBXNativeTarget section */

/* Begin PBXProject section */
		68DEAF5B2448E3760023112A /* Project object */ = {
			isa = PBXProject;
			attributes = {
				LastSwiftUpdateCheck = 1140;
				LastUpgradeCheck = 1140;
				ORGANIZATIONNAME = "Libby Thomas";
				TargetAttributes = {
					68DEAF622448E3760023112A = {
						CreatedOnToolsVersion = 11.4.1;
					};
				};
			};
			buildConfigurationList = 68DEAF5E2448E3760023112A /* Build configuration list for PBXProject "UIControl" */;
			compatibilityVersion = "Xcode 9.3";
			developmentRegion = en;
			hasScannedForEncodings = 0;
			knownRegions = (
				en,
				Base,
			);
			mainGroup = 68DEAF5A2448E3760023112A;
			productRefGroup = 68DEAF642448E3760023112A /* Products */;
			projectDirPath = "";
			projectRoot = "";
			targets = (
				68DEAF622448E3760023112A /* UIControl */,
			);
		};
/* End PBXProject section */

/* Begin PBXResourcesBuildPhase section */
		68DEAF612448E3760023112A /* Resources */ = {
			isa = PBXResourcesBuildPhase;
			buildActionMask = 2147483647;
			files = (
				68DEAF732448E37B0023112A /* LaunchScreen.storyboard in Resources */,
				68DEAF702448E37B0023112A /* Assets.xcassets in Resources */,
				68DEAF6E2448E3760023112A /* Main.storyboard in Resources */,
			);
			runOnlyForDeploymentPostprocessing = 0;
		};
/* End PBXResourcesBuildPhase section */

/* Begin PBXSourcesBuildPhase section */
		68DEAF5F2448E3760023112A /* Sources */ = {
			isa = PBXSourcesBuildPhase;
			buildActionMask = 2147483647;
			files = (
				68DEAF6B2448E3760023112A /* ViewController.swift in Sources */,
				68DEAF672448E3760023112A /* AppDelegate.swift in Sources */,
				68DEAF812448E4DB0023112A /* CustomControl.swift in Sources */,
				68DEAF692448E3760023112A /* SceneDelegate.swift in Sources */,
			);
			runOnlyForDeploymentPostprocessing = 0;
		};
/* End PBXSourcesBuildPhase section */

/* Begin PBXVariantGroup section */
		68DEAF6C2448E3760023112A /* Main.storyboard */ = {
			isa = PBXVariantGroup;
			children = (
				68DEAF6D2448E3760023112A /* Base */,
			);
			name = Main.storyboard;
			sourceTree = "<group>";
		};
		68DEAF712448E37B0023112A /* LaunchScreen.storyboard */ = {
			isa = PBXVariantGroup;
			children = (
				68DEAF722448E37B0023112A /* Base */,
			);
			name = LaunchScreen.storyboard;
			sourceTree = "<group>";
		};
/* End PBXVariantGroup section */

/* Begin XCBuildConfiguration section */
		68DEAF752448E37B0023112A /* Debug */ = {
			isa = XCBuildConfiguration;
			buildSettings = {
				ALWAYS_SEARCH_USER_PATHS = NO;
				CLANG_ANALYZER_NONNULL = YES;
				CLANG_ANALYZER_NUMBER_OBJECT_CONVERSION = YES_AGGRESSIVE;
				CLANG_CXX_LANGUAGE_STANDARD = "gnu++14";
				CLANG_CXX_LIBRARY = "libc++";
				CLANG_ENABLE_MODULES = YES;
				CLANG_ENABLE_OBJC_ARC = YES;
				CLANG_ENABLE_OBJC_WEAK = YES;
				CLANG_WARN_BLOCK_CAPTURE_AUTORELEASING = YES;
				CLANG_WARN_BOOL_CONVERSION = YES;
				CLANG_WARN_COMMA = YES;
				CLANG_WARN_CONSTANT_CONVERSION = YES;
				CLANG_WARN_DEPRECATED_OBJC_IMPLEMENTATIONS = YES;
				CLANG_WARN_DIRECT_OBJC_ISA_USAGE = YES_ERROR;
				CLANG_WARN_DOCUMENTATION_COMMENTS = YES;
				CLANG_WARN_EMPTY_BODY = YES;
				CLANG_WARN_ENUM_CONVERSION = YES;
				CLANG_WARN_INFINITE_RECURSION = YES;
				CLANG_WARN_INT_CONVERSION = YES;
				CLANG_WARN_NON_LITERAL_NULL_CONVERSION = YES;
				CLANG_WARN_OBJC_IMPLICIT_RETAIN_SELF = YES;
				CLANG_WARN_OBJC_LITERAL_CONVERSION = YES;
				CLANG_WARN_OBJC_ROOT_CLASS = YES_ERROR;
				CLANG_WARN_RANGE_LOOP_ANALYSIS = YES;
				CLANG_WARN_STRICT_PROTOTYPES = YES;
				CLANG_WARN_SUSPICIOUS_MOVE = YES;
				CLANG_WARN_UNGUARDED_AVAILABILITY = YES_AGGRESSIVE;
				CLANG_WARN_UNREACHABLE_CODE = YES;
				CLANG_WARN__DUPLICATE_METHOD_MATCH = YES;
				COPY_PHASE_STRIP = NO;
				DEBUG_INFORMATION_FORMAT = dwarf;
				ENABLE_STRICT_OBJC_MSGSEND = YES;
				ENABLE_TESTABILITY = YES;
				GCC_C_LANGUAGE_STANDARD = gnu11;
				GCC_DYNAMIC_NO_PIC = NO;
				GCC_NO_COMMON_BLOCKS = YES;
				GCC_OPTIMIZATION_LEVEL = 0;
				GCC_PREPROCESSOR_DEFINITIONS = (
					"DEBUG=1",
					"$(inherited)",
				);
				GCC_WARN_64_TO_32_BIT_CONVERSION = YES;
				GCC_WARN_ABOUT_RETURN_TYPE = YES_ERROR;
				GCC_WARN_UNDECLARED_SELECTOR = YES;
				GCC_WARN_UNINITIALIZED_AUTOS = YES_AGGRESSIVE;
				GCC_WARN_UNUSED_FUNCTION = YES;
				GCC_WARN_UNUSED_VARIABLE = YES;
				IPHONEOS_DEPLOYMENT_TARGET = 13.4;
				MTL_ENABLE_DEBUG_INFO = INCLUDE_SOURCE;
				MTL_FAST_MATH = YES;
				ONLY_ACTIVE_ARCH = YES;
				SDKROOT = iphoneos;
				SWIFT_ACTIVE_COMPILATION_CONDITIONS = DEBUG;
				SWIFT_OPTIMIZATION_LEVEL = "-Onone";
			};
			name = Debug;
		};
		68DEAF762448E37B0023112A /* Release */ = {
			isa = XCBuildConfiguration;
			buildSettings = {
				ALWAYS_SEARCH_USER_PATHS = NO;
				CLANG_ANALYZER_NONNULL = YES;
				CLANG_ANALYZER_NUMBER_OBJECT_CONVERSION = YES_AGGRESSIVE;
				CLANG_CXX_LANGUAGE_STANDARD = "gnu++14";
				CLANG_CXX_LIBRARY = "libc++";
				CLANG_ENABLE_MODULES = YES;
				CLANG_ENABLE_OBJC_ARC = YES;
				CLANG_ENABLE_OBJC_WEAK = YES;
				CLANG_WARN_BLOCK_CAPTURE_AUTORELEASING = YES;
				CLANG_WARN_BOOL_CONVERSION = YES;
				CLANG_WARN_COMMA = YES;
				CLANG_WARN_CONSTANT_CONVERSION = YES;
				CLANG_WARN_DEPRECATED_OBJC_IMPLEMENTATIONS = YES;
				CLANG_WARN_DIRECT_OBJC_ISA_USAGE = YES_ERROR;
				CLANG_WARN_DOCUMENTATION_COMMENTS = YES;
				CLANG_WARN_EMPTY_BODY = YES;
				CLANG_WARN_ENUM_CONVERSION = YES;
				CLANG_WARN_INFINITE_RECURSION = YES;
				CLANG_WARN_INT_CONVERSION = YES;
				CLANG_WARN_NON_LITERAL_NULL_CONVERSION = YES;
				CLANG_WARN_OBJC_IMPLICIT_RETAIN_SELF = YES;
				CLANG_WARN_OBJC_LITERAL_CONVERSION = YES;
				CLANG_WARN_OBJC_ROOT_CLASS = YES_ERROR;
				CLANG_WARN_RANGE_LOOP_ANALYSIS = YES;
				CLANG_WARN_STRICT_PROTOTYPES = YES;
				CLANG_WARN_SUSPICIOUS_MOVE = YES;
				CLANG_WARN_UNGUARDED_AVAILABILITY = YES_AGGRESSIVE;
				CLANG_WARN_UNREACHABLE_CODE = YES;
				CLANG_WARN__DUPLICATE_METHOD_MATCH = YES;
				COPY_PHASE_STRIP = NO;
				DEBUG_INFORMATION_FORMAT = "dwarf-with-dsym";
				ENABLE_NS_ASSERTIONS = NO;
				ENABLE_STRICT_OBJC_MSGSEND = YES;
				GCC_C_LANGUAGE_STANDARD = gnu11;
				GCC_NO_COMMON_BLOCKS = YES;
				GCC_WARN_64_TO_32_BIT_CONVERSION = YES;
				GCC_WARN_ABOUT_RETURN_TYPE = YES_ERROR;
				GCC_WARN_UNDECLARED_SELECTOR = YES;
				GCC_WARN_UNINITIALIZED_AUTOS = YES_AGGRESSIVE;
				GCC_WARN_UNUSED_FUNCTION = YES;
				GCC_WARN_UNUSED_VARIABLE = YES;
				IPHONEOS_DEPLOYMENT_TARGET = 13.4;
				MTL_ENABLE_DEBUG_INFO = NO;
				MTL_FAST_MATH = YES;
				SDKROOT = iphoneos;
				SWIFT_COMPILATION_MODE = wholemodule;
				SWIFT_OPTIMIZATION_LEVEL = "-O";
				VALIDATE_PRODUCT = YES;
			};
			name = Release;
		};
		68DEAF782448E37B0023112A /* Debug */ = {
			isa = XCBuildConfiguration;
			buildSettings = {
				ASSETCATALOG_COMPILER_APPICON_NAME = AppIcon;
				CODE_SIGN_STYLE = Automatic;
				DEVELOPMENT_TEAM = 4L85A4MKYA;
				INFOPLIST_FILE = UIControl/Info.plist;
				LD_RUNPATH_SEARCH_PATHS = (
					"$(inherited)",
					"@executable_path/Frameworks",
				);
				PRODUCT_BUNDLE_IDENTIFIER = com.libbythomas.UIControl;
				PRODUCT_NAME = "$(TARGET_NAME)";
				SWIFT_VERSION = 5.0;
				TARGETED_DEVICE_FAMILY = "1,2";
			};
			name = Debug;
		};
		68DEAF792448E37B0023112A /* Release */ = {
			isa = XCBuildConfiguration;
			buildSettings = {
				ASSETCATALOG_COMPILER_APPICON_NAME = AppIcon;
				CODE_SIGN_STYLE = Automatic;
				DEVELOPMENT_TEAM = 4L85A4MKYA;
				INFOPLIST_FILE = UIControl/Info.plist;
				LD_RUNPATH_SEARCH_PATHS = (
					"$(inherited)",
					"@executable_path/Frameworks",
				);
				PRODUCT_BUNDLE_IDENTIFIER = com.libbythomas.UIControl;
				PRODUCT_NAME = "$(TARGET_NAME)";
				SWIFT_VERSION = 5.0;
				TARGETED_DEVICE_FAMILY = "1,2";
			};
			name = Release;
		};
/* End XCBuildConfiguration section */

/* Begin XCConfigurationList section */
		68DEAF5E2448E3760023112A /* Build configuration list for PBXProject "UIControl" */ = {
			isa = XCConfigurationList;
			buildConfigurations = (
				68DEAF752448E37B0023112A /* Debug */,
				68DEAF762448E37B0023112A /* Release */,
			);
			defaultConfigurationIsVisible = 0;
			defaultConfigurationName = Release;
		};
		68DEAF772448E37B0023112A /* Build configuration list for PBXNativeTarget "UIControl" */ = {
			isa = XCConfigurationList;
			buildConfigurations = (
				68DEAF782448E37B0023112A /* Debug */,
				68DEAF792448E37B0023112A /* Release */,
			);
			defaultConfigurationIsVisible = 0;
			defaultConfigurationName = Release;
		};
/* End XCConfigurationList section */
	};
	rootObject = 68DEAF5B2448E3760023112A /* Project object */;
}
